{
  "version": 4,
  "terraform_version": "1.13.5",
  "serial": 88,
  "lineage": "fc0aed92-28a2-2fa5-fe80-6168ddeacaac",
  "outputs": {
    "alb_dns_name": {
      "value": "dstreambolt-alb-841612552.ap-south-1.elb.amazonaws.com",
      "type": "string"
    },
    "alb_url": {
      "value": "https://dstreambolt-alb-841612552.ap-south-1.elb.amazonaws.com",
      "type": "string"
    },
    "credentials": {
      "value": {
        "grafana_login": "admin / DStreamBolt2025!",
        "jenkins_password": "Check: ssh ubuntu@13.235.238.208 'sudo cat /var/lib/jenkins/secrets/initialAdminPassword'",
        "mysql_password": "DStreamBolt2025!"
      },
      "type": [
        "object",
        {
          "grafana_login": "string",
          "jenkins_password": "string",
          "mysql_password": "string"
        }
      ],
      "sensitive": true
    },
    "direct_access": {
      "value": {
        "compute_ip": "52.66.171.95",
        "devops_ip": "13.235.238.208",
        "ingest_ip": "13.232.206.53",
        "kafka_ip": "10.0.10.248",
        "spark_executor_ip": "65.0.74.255",
        "spark_master_ip": "52.66.171.95"
      },
      "type": [
        "object",
        {
          "compute_ip": "string",
          "devops_ip": "string",
          "ingest_ip": "string",
          "kafka_ip": "string",
          "spark_executor_ip": "string",
          "spark_master_ip": "string"
        }
      ]
    },
    "https_listener_arn": {
      "value": "arn:aws:elasticloadbalancing:ap-south-1:771239567939:listener/app/dstreambolt-alb/755e9c234508892f/153cf03a5d4b5a87",
      "type": "string"
    },
    "ingestion_api_url": {
      "value": "https://dstreambolt-alb-841612552.ap-south-1.elb.amazonaws.com/ingest",
      "type": "string"
    },
    "landing_page_url": {
      "value": "https://dstreambolt-alb-841612552.ap-south-1.elb.amazonaws.com/",
      "type": "string"
    },
    "mtls_trust_store_arn": {
      "value": "arn:aws:elasticloadbalancing:ap-south-1:771239567939:truststore/dstreambolt-mtls-trust-store/d1661e3f88f490b5",
      "type": "string"
    },
    "mtls_trust_store_bucket": {
      "value": "dstreambolt-mtls-trust-store-771239567939",
      "type": "string"
    },
    "service_endpoints": {
      "value": {
        "grafana": "https://dstreambolt-alb-841612552.ap-south-1.elb.amazonaws.com/grafana",
        "health_check": "https://dstreambolt-alb-841612552.ap-south-1.elb.amazonaws.com/health",
        "ingestion_api": "https://dstreambolt-alb-841612552.ap-south-1.elb.amazonaws.com/ingest",
        "jenkins": "https://dstreambolt-alb-841612552.ap-south-1.elb.amazonaws.com/jenkins",
        "kafka_manager": "https://dstreambolt-alb-841612552.ap-south-1.elb.amazonaws.com/kafkamgr",
        "landing_page": "https://dstreambolt-alb-841612552.ap-south-1.elb.amazonaws.com/",
        "spark_ui": "https://dstreambolt-alb-841612552.ap-south-1.elb.amazonaws.com/spark"
      },
      "type": [
        "object",
        {
          "grafana": "string",
          "health_check": "string",
          "ingestion_api": "string",
          "jenkins": "string",
          "kafka_manager": "string",
          "landing_page": "string",
          "spark_ui": "string"
        }
      ]
    },
    "summary": {
      "value": "\n╔════════════════════════════════════════════════════════════════╗\n║         🚀 DStreamBolt Infrastructure Deployed!                ║\n╚════════════════════════════════════════════════════════════════╝\n\n📊 LANDING PAGE (Beautiful UI):\n   https://dstreambolt-alb-841612552.ap-south-1.elb.amazonaws.com/\n\n📥 INGESTION API:\n   Endpoint: https://dstreambolt-alb-841612552.ap-south-1.elb.amazonaws.com/ingest\n   Health:   https://dstreambolt-alb-841612552.ap-south-1.elb.amazonaws.com/health\n   Method:   POST (gzipped JSON)\n\n🛠️  DEVOPS TOOLS (via ALB):\n   Jenkins:        https://dstreambolt-alb-841612552.ap-south-1.elb.amazonaws.com/jenkins\n   Grafana:        https://dstreambolt-alb-841612552.ap-south-1.elb.amazonaws.com/grafana\n   Kafka Manager:  https://dstreambolt-alb-841612552.ap-south-1.elb.amazonaws.com/kafkamgr\n   Spark UI:       https://dstreambolt-alb-841612552.ap-south-1.elb.amazonaws.com/spark\n\n💻 DIRECT ACCESS:\n   Ingest:         ssh -i ~/dstreambolt-access-key.pem ubuntu@13.232.206.53\n   Spark Master:   ssh -i ~/dstreambolt-access-key.pem ubuntu@52.66.171.95\n   Spark Executor: ssh -i ~/dstreambolt-access-key.pem ubuntu@65.0.74.255\n   DevOps:         ssh -i ~/dstreambolt-access-key.pem ubuntu@13.235.238.208\n\n🔐 CREDENTIALS:\n   MySQL:   root / DStreamBolt2025!\n   Grafana: admin / DStreamBolt2025!\n   Jenkins: Check /var/lib/jenkins/secrets/initialAdminPassword\n\n💰 ESTIMATED MONTHLY COST: ~$102/month (~$55 with free tier)\n\n✅ All services are production-ready!\n\n",
      "type": "string",
      "sensitive": true
    }
  },
  "resources": [
    {
      "mode": "data",
      "type": "aws_ami",
      "name": "ubuntu",
      "provider": "provider[\"registry.terraform.io/hashicorp/aws\"]",
      "instances": [
        {
          "schema_version": 0,
          "attributes": {
            "architecture": "x86_64",
            "arn": "arn:aws:ec2:ap-south-1::image/ami-0ff91eb5c6fe7cc86",
            "block_device_mappings": [
              {
                "device_name": "/dev/sda1",
                "ebs": {
                  "delete_on_termination": "true",
                  "encrypted": "false",
                  "iops": "0",
                  "snapshot_id": "snap-0f09bb3a4d22a695d",
                  "throughput": "0",
                  "volume_initialization_rate": "0",
                  "volume_size": "8",
                  "volume_type": "gp2"
                },
                "no_device": "",
                "virtual_name": ""
              },
              {
                "device_name": "/dev/sdb",
                "ebs": {},
                "no_device": "",
                "virtual_name": "ephemeral0"
              },
              {
                "device_name": "/dev/sdc",
                "ebs": {},
                "no_device": "",
                "virtual_name": "ephemeral1"
              }
            ],
            "boot_mode": "uefi-preferred",
            "creation_date": "2025-12-12T06:53:59.000Z",
            "deprecation_time": "2027-12-12T06:53:59.000Z",
            "description": "Canonical, Ubuntu, 22.04, amd64 jammy image",
            "ena_support": true,
            "executable_users": null,
            "filter": [
              {
                "name": "name",
                "values": [
                  "ubuntu/images/hvm-ssd/ubuntu-jammy-22.04-amd64-server-*"
                ]
              }
            ],
            "hypervisor": "xen",
            "id": "ami-0ff91eb5c6fe7cc86",
            "image_id": "ami-0ff91eb5c6fe7cc86",
            "image_location": "amazon/ubuntu/images/hvm-ssd/ubuntu-jammy-22.04-amd64-server-20251212",
            "image_owner_alias": "amazon",
            "image_type": "machine",
            "imds_support": "",
            "include_deprecated": false,
            "kernel_id": "",
            "last_launched_time": "",
            "most_recent": true,
            "name": "ubuntu/images/hvm-ssd/ubuntu-jammy-22.04-amd64-server-20251212",
            "name_regex": null,
            "owner_id": "099720109477",
            "owners": [
              "099720109477"
            ],
            "platform": "",
            "platform_details": "Linux/UNIX",
            "product_codes": [],
            "public": true,
            "ramdisk_id": "",
            "root_device_name": "/dev/sda1",
            "root_device_type": "ebs",
            "root_snapshot_id": "snap-0f09bb3a4d22a695d",
            "sriov_net_support": "simple",
            "state": "available",
            "state_reason": {
              "code": "UNSET",
              "message": "UNSET"
            },
            "tags": {},
            "timeouts": null,
            "tpm_support": "",
            "uefi_data": null,
            "usage_operation": "RunInstances",
            "virtualization_type": "hvm"
          },
          "sensitive_attributes": [],
          "identity_schema_version": 0
        }
      ]
    },
    {
      "mode": "data",
      "type": "aws_caller_identity",
      "name": "current",
      "provider": "provider[\"registry.terraform.io/hashicorp/aws\"]",
      "instances": [
        {
          "schema_version": 0,
          "attributes": {
            "account_id": "771239567939",
            "arn": "arn:aws:iam::771239567939:root",
            "id": "771239567939",
            "user_id": "771239567939"
          },
          "sensitive_attributes": [],
          "identity_schema_version": 0
        }
      ]
    },
    {
      "module": "module.alb",
      "mode": "data",
      "type": "aws_caller_identity",
      "name": "current",
      "provider": "provider[\"registry.terraform.io/hashicorp/aws\"]",
      "instances": [
        {
          "schema_version": 0,
          "attributes": {
            "account_id": "771239567939",
            "arn": "arn:aws:iam::771239567939:root",
            "id": "771239567939",
            "user_id": "771239567939"
          },
          "sensitive_attributes": [],
          "identity_schema_version": 0
        }
      ]
    },
    {
      "module": "module.alb",
      "mode": "managed",
      "type": "aws_acm_certificate",
      "name": "alb",
      "provider": "provider[\"registry.terraform.io/hashicorp/aws\"]",
      "instances": [
        {
          "schema_version": 0,
          "attributes": {
            "arn": "arn:aws:acm:ap-south-1:771239567939:certificate/a8e65562-9fc4-4f9f-a33e-b5cb47b5f2d1",
            "certificate_authority_arn": "",
            "certificate_body": "-----BEGIN CERTIFICATE-----\nMIIDJzCCAg+gAwIBAgIQWCdlkCjQEi8/z7Q4K8vaTzANBgkqhkiG9w0BAQsFADA0\nMRQwEgYDVQQKEwtkc3RyZWFtYm9sdDEcMBoGA1UEAwwTKi5lbGIuYW1hem9uYXdz\nLmNvbTAeFw0yNTEyMDUxNTA1NDFaFw0yNjEyMDUxNTA1NDFaMDQxFDASBgNVBAoT\nC2RzdHJlYW1ib2x0MRwwGgYDVQQDDBMqLmVsYi5hbWF6b25hd3MuY29tMIIBIjAN\nBgkqhkiG9w0BAQEFAAOCAQ8AMIIBCgKCAQEAn1xlX+iyOrkJDX7M1U0nJ8AZL+QY\n+XPLiP8o3qoZ4buaC5W9EwvBMNFKb+MjROwwVacU+optEJNPZzimMkbm2BUF1FQn\n1M+tsf2aTmidu6FM+HbXYu/Ek3Wb4Sr2h8TbJxMVbbrt+1maEamc4QiMqCPgHOWg\nwJ8dvDtuaXKbOdnwCNSwpA9olqyAoprpQkDokjDSA2lhhT21z7p3lmTC9xM8QIf4\nrgO9ufFmn92qcrn0oV0Ra4GbWWbxzGjQ7E4AeiitrAqKmdiqaHccHhlK6k64RN1r\nTx9i2e9/TFbC6kX08T9W8rAiKGYztDRARGuw3aez5ZNBaTY3R65vEfGRLwIDAQAB\nozUwMzAOBgNVHQ8BAf8EBAMCBaAwEwYDVR0lBAwwCgYIKwYBBQUHAwEwDAYDVR0T\nAQH/BAIwADANBgkqhkiG9w0BAQsFAAOCAQEAhJ8bCE56O+7lwW8cO/JRoV8A8I40\nzUHqOEAuzwf/ab9Qaa7OP1L3lQNjgU1/aD4V9tMj1Mxk7xOdumf5V6zYlfayDCJ+\n9k299A/BnHW2qUa/OyFCVmiizYgsoe1J6Y1TffhXNT7tQuOjURBFKO85Y6GAswmq\nLnVH2lT/sFyrT/A1lsbmeL0mIsCjI2itiuUD+3smwpB9mWxsY25YEdyZ/Mh+5+d3\nsCevqhghOKWtaMhZqRsO6Pr+HxlRMT79zCJYwsctIIzIY+/mYg9G2SQHvvuLfR3q\niuO7yP9GZGNtbX9kwidqCwu2pUIpT4hwMf/4TtEJkzvVc3a1MQygc+eZzA==\n-----END CERTIFICATE-----\n",
            "certificate_chain": null,
            "domain_name": "*.elb.amazonaws.com",
            "domain_validation_options": [],
            "early_renewal_duration": "",
            "id": "arn:aws:acm:ap-south-1:771239567939:certificate/a8e65562-9fc4-4f9f-a33e-b5cb47b5f2d1",
            "key_algorithm": "RSA_2048",
            "not_after": "2026-12-05T15:05:41Z",
            "not_before": "2025-12-05T15:05:41Z",
            "options": [
              {
                "certificate_transparency_logging_preference": "DISABLED"
              }
            ],
            "pending_renewal": false,
            "private_key": "-----BEGIN RSA PRIVATE KEY-----\nMIIEpAIBAAKCAQEAn1xlX+iyOrkJDX7M1U0nJ8AZL+QY+XPLiP8o3qoZ4buaC5W9\nEwvBMNFKb+MjROwwVacU+optEJNPZzimMkbm2BUF1FQn1M+tsf2aTmidu6FM+HbX\nYu/Ek3Wb4Sr2h8TbJxMVbbrt+1maEamc4QiMqCPgHOWgwJ8dvDtuaXKbOdnwCNSw\npA9olqyAoprpQkDokjDSA2lhhT21z7p3lmTC9xM8QIf4rgO9ufFmn92qcrn0oV0R\na4GbWWbxzGjQ7E4AeiitrAqKmdiqaHccHhlK6k64RN1rTx9i2e9/TFbC6kX08T9W\n8rAiKGYztDRARGuw3aez5ZNBaTY3R65vEfGRLwIDAQABAoIBAD65PEFysmwAlnqU\nVQUDmAzCRGegLOBKXmsumySA6Sz7DRfQORo8/y46wkSlryUana+o0s4GHAVxJcin\n+GpDk+qq4599/Ct8Do7HFawU6ziFtWj6Ra5wVvv/R3pp0Z0As41+qmmFMNREoSqg\nitnb5pjrffOBwjLureJ/teaVMFmlOh4WC8j2LB+eduThKfLBjcJvR4Sez/nI6w2o\nAnloe1O6vIu9pnn4YI76qu53ywCwdLlxDkVINHf6AKyGTg3v8il1vqIlf+6fx4EH\newGH7WE/kxYFUHxWaq5sHH3ZMyJR7tKcvJVSOQ5fDVNZREiG75zuDhvRLcI5x5f5\nf7iLx9ECgYEAzAKxWrLO07U487/uNseART0Rg2he57jlWB8R+kquu4Up4tkgulvU\n7qEl5fAWU+/JDieuU3mGZnM2XZce8AN5TyzunH4mVDQ4kxOGaPgc0prVyI8IET1P\nchN4aiMCyuKOtVL6yEFvXMNx8gKeaFobLVWobDJW8UBCFZW4E5anQekCgYEAx/jW\nc9/TUCLqtSKqpQDBuX5q15faFqCtyXQWwhj1RR9/ps89iff2J7zzxtxaFd56qrEV\nMcePRXOHSDEhZq2aG5ucVm7OP76ZunOB7uSnjsH4gFe3YAcVv6Qg+C69Z+mndRXk\nGaS14p2ms03mE3GkOYlFU33ZcMR+VKtaDQ7681cCgYEAj5IBkCuv5EtvxhI3KXPi\nsFdWwNytlXOIayiKdVMjfrIrFQrqvlusETd1PUll3TItkvmX9ATc8bJ4+wpD6nL3\nZyHe1mDsxmttuQuPlsWtOwVeF+OYsNEt3MEZB9CVwYQJHFBGTrHGFkkxIjh3lEZ9\nQ705ZtNSXjtzhk80GQz3rikCgYAT6aWBOGKUckWo7+DKOX8Q95OwEED5S9rCWrsB\nbPbPgUl21OAt4vEyF9C2lq6pytOwN54CrPqJUe3AtJO848Cayy4QNUx4cIRiWqov\nnblJr+sM7K8n8sypnrBhxlW6CTxRnnJuU0aBYG1/IVytxv0xdYffvoJuhkKGL+Hx\ntvIqVQKBgQCxmKWGixIlRZWCSYz0ZtRqDojCoRqVARxILYzcNaXnVcodjlc98+LJ\n3jl/pQzCaV4JV6UrqXuIzPMfTMeP1+su4y9fxSyCAin1NUat5+eS4EKkWiBGiScH\nbEKd7RJPxToC5xzlwMMm5IL3W5M7rvpWhSeCGlullu0gJbZRwqyo7A==\n-----END RSA PRIVATE KEY-----\n",
            "renewal_eligibility": "INELIGIBLE",
            "renewal_summary": [],
            "status": "ISSUED",
            "subject_alternative_names": [
              "*.elb.amazonaws.com"
            ],
            "tags": {},
            "tags_all": {},
            "type": "IMPORTED",
            "validation_emails": [],
            "validation_method": "NONE",
            "validation_option": []
          },
          "sensitive_attributes": [
            [
              {
                "type": "get_attr",
                "value": "private_key"
              }
            ]
          ],
          "identity_schema_version": 0,
          "private": "bnVsbA==",
          "dependencies": [
            "module.alb.tls_private_key.alb",
            "module.alb.tls_self_signed_cert.alb"
          ]
        }
      ]
    },
    {
      "module": "module.alb",
      "mode": "managed",
      "type": "aws_lb",
      "name": "main",
      "provider": "provider[\"registry.terraform.io/hashicorp/aws\"]",
      "instances": [
        {
          "schema_version": 0,
          "attributes": {
            "access_logs": [
              {
                "bucket": "",
                "enabled": false,
                "prefix": ""
              }
            ],
            "arn": "arn:aws:elasticloadbalancing:ap-south-1:771239567939:loadbalancer/app/dstreambolt-alb/755e9c234508892f",
            "arn_suffix": "app/dstreambolt-alb/755e9c234508892f",
            "client_keep_alive": 3600,
            "connection_logs": [
              {
                "bucket": "",
                "enabled": false,
                "prefix": ""
              }
            ],
            "customer_owned_ipv4_pool": "",
            "desync_mitigation_mode": "defensive",
            "dns_name": "dstreambolt-alb-841612552.ap-south-1.elb.amazonaws.com",
            "dns_record_client_routing_policy": null,
            "drop_invalid_header_fields": false,
            "enable_cross_zone_load_balancing": true,
            "enable_deletion_protection": false,
            "enable_http2": true,
            "enable_tls_version_and_cipher_suite_headers": false,
            "enable_waf_fail_open": false,
            "enable_xff_client_port": false,
            "enable_zonal_shift": false,
            "enforce_security_group_inbound_rules_on_private_link_traffic": "",
            "id": "arn:aws:elasticloadbalancing:ap-south-1:771239567939:loadbalancer/app/dstreambolt-alb/755e9c234508892f",
            "idle_timeout": 60,
            "internal": false,
            "ip_address_type": "ipv4",
            "ipam_pools": [],
            "load_balancer_type": "application",
            "minimum_load_balancer_capacity": [],
            "name": "dstreambolt-alb",
            "name_prefix": "",
            "preserve_host_header": false,
            "security_groups": [
              "sg-0543da3cf35ff7724"
            ],
            "subnet_mapping": [
              {
                "allocation_id": "",
                "ipv6_address": "",
                "outpost_id": "",
                "private_ipv4_address": "",
                "subnet_id": "subnet-0643949f8977b551e"
              },
              {
                "allocation_id": "",
                "ipv6_address": "",
                "outpost_id": "",
                "private_ipv4_address": "",
                "subnet_id": "subnet-0972010fe596215b8"
              }
            ],
            "subnets": [
              "subnet-0643949f8977b551e",
              "subnet-0972010fe596215b8"
            ],
            "tags": {
              "Name": "dstreambolt-alb"
            },
            "tags_all": {
              "Name": "dstreambolt-alb"
            },
            "timeouts": null,
            "vpc_id": "vpc-0bcc1fd8fd257748a",
            "xff_header_processing_mode": "append",
            "zone_id": "ZP97RAFLXTNZK"
          },
          "sensitive_attributes": [],
          "identity_schema_version": 0,
          "private": "eyJlMmJmYjczMC1lY2FhLTExZTYtOGY4OC0zNDM2M2JjN2M0YzAiOnsiY3JlYXRlIjo2MDAwMDAwMDAwMDAsImRlbGV0ZSI6NjAwMDAwMDAwMDAwLCJ1cGRhdGUiOjYwMDAwMDAwMDAwMH19",
          "dependencies": [
            "module.networking.aws_security_group.alb",
            "module.networking.aws_subnet.public",
            "module.networking.aws_vpc.main",
            "module.networking.data.aws_availability_zones.available"
          ]
        }
      ]
    },
    {
      "module": "module.alb",
      "mode": "managed",
      "type": "aws_lb_listener",
      "name": "http",
      "provider": "provider[\"registry.terraform.io/hashicorp/aws\"]",
      "instances": [
        {
          "schema_version": 0,
          "attributes": {
            "alpn_policy": null,
            "arn": "arn:aws:elasticloadbalancing:ap-south-1:771239567939:listener/app/dstreambolt-alb/755e9c234508892f/a5d1d8e0364aadd4",
            "certificate_arn": null,
            "default_action": [
              {
                "authenticate_cognito": [],
                "authenticate_oidc": [],
                "fixed_response": [],
                "forward": [],
                "order": 1,
                "redirect": [
                  {
                    "host": "#{host}",
                    "path": "/#{path}",
                    "port": "443",
                    "protocol": "HTTPS",
                    "query": "#{query}",
                    "status_code": "HTTP_301"
                  }
                ],
                "target_group_arn": "",
                "type": "redirect"
              }
            ],
            "id": "arn:aws:elasticloadbalancing:ap-south-1:771239567939:listener/app/dstreambolt-alb/755e9c234508892f/a5d1d8e0364aadd4",
            "load_balancer_arn": "arn:aws:elasticloadbalancing:ap-south-1:771239567939:loadbalancer/app/dstreambolt-alb/755e9c234508892f",
            "mutual_authentication": [],
            "port": 80,
            "protocol": "HTTP",
            "routing_http_request_x_amzn_mtls_clientcert_header_name": null,
            "routing_http_request_x_amzn_mtls_clientcert_issuer_header_name": null,
            "routing_http_request_x_amzn_mtls_clientcert_leaf_header_name": null,
            "routing_http_request_x_amzn_mtls_clientcert_serial_number_header_name": null,
            "routing_http_request_x_amzn_mtls_clientcert_subject_header_name": null,
            "routing_http_request_x_amzn_mtls_clientcert_validity_header_name": null,
            "routing_http_request_x_amzn_tls_cipher_suite_header_name": null,
            "routing_http_request_x_amzn_tls_version_header_name": null,
            "routing_http_response_access_control_allow_credentials_header_value": "",
            "routing_http_response_access_control_allow_headers_header_value": "",
            "routing_http_response_access_control_allow_methods_header_value": "",
            "routing_http_response_access_control_allow_origin_header_value": "",
            "routing_http_response_access_control_expose_headers_header_value": "",
            "routing_http_response_access_control_max_age_header_value": "",
            "routing_http_response_content_security_policy_header_value": "",
            "routing_http_response_server_enabled": true,
            "routing_http_response_strict_transport_security_header_value": "",
            "routing_http_response_x_content_type_options_header_value": "",
            "routing_http_response_x_frame_options_header_value": "",
            "ssl_policy": "",
            "tags": {},
            "tags_all": {},
            "tcp_idle_timeout_seconds": null,
            "timeouts": null
          },
          "sensitive_attributes": [],
          "identity_schema_version": 0,
          "private": "eyJlMmJmYjczMC1lY2FhLTExZTYtOGY4OC0zNDM2M2JjN2M0YzAiOnsiY3JlYXRlIjozMDAwMDAwMDAwMDAsInVwZGF0ZSI6MzAwMDAwMDAwMDAwfX0=",
          "dependencies": [
            "module.alb.aws_lb.main",
            "module.networking.aws_security_group.alb",
            "module.networking.aws_subnet.public",
            "module.networking.aws_vpc.main",
            "module.networking.data.aws_availability_zones.available"
          ]
        }
      ]
    },
    {
      "module": "module.alb",
      "mode": "managed",
      "type": "aws_lb_listener",
      "name": "https",
      "provider": "provider[\"registry.terraform.io/hashicorp/aws\"]",
      "instances": [
        {
          "schema_version": 0,
          "attributes": {
            "alpn_policy": null,
            "arn": "arn:aws:elasticloadbalancing:ap-south-1:771239567939:listener/app/dstreambolt-alb/755e9c234508892f/153cf03a5d4b5a87",
            "certificate_arn": "arn:aws:acm:ap-south-1:771239567939:certificate/a8e65562-9fc4-4f9f-a33e-b5cb47b5f2d1",
            "default_action": [
              {
                "authenticate_cognito": [],
                "authenticate_oidc": [],
                "fixed_response": [
                  {
                    "content_type": "text/plain",
                    "message_body": "DStreamBolt Platform - Services: /ingest (Ingestion API) | /health (Health Check) | /jenkins (Jenkins) | /grafana (Grafana) | /kafkamgr (Kafka Manager) | /spark (Spark UI)\n\n",
                    "status_code": "200"
                  }
                ],
                "forward": [],
                "order": 1,
                "redirect": [],
                "target_group_arn": "",
                "type": "fixed-response"
              }
            ],
            "id": "arn:aws:elasticloadbalancing:ap-south-1:771239567939:listener/app/dstreambolt-alb/755e9c234508892f/153cf03a5d4b5a87",
            "load_balancer_arn": "arn:aws:elasticloadbalancing:ap-south-1:771239567939:loadbalancer/app/dstreambolt-alb/755e9c234508892f",
            "mutual_authentication": [
              {
                "advertise_trust_store_ca_names": "off",
                "ignore_client_certificate_expiry": false,
                "mode": "verify",
                "trust_store_arn": "arn:aws:elasticloadbalancing:ap-south-1:771239567939:truststore/dstreambolt-mtls-trust-store/d1661e3f88f490b5"
              }
            ],
            "port": 443,
            "protocol": "HTTPS",
            "routing_http_request_x_amzn_mtls_clientcert_header_name": "",
            "routing_http_request_x_amzn_mtls_clientcert_issuer_header_name": "",
            "routing_http_request_x_amzn_mtls_clientcert_leaf_header_name": "",
            "routing_http_request_x_amzn_mtls_clientcert_serial_number_header_name": "",
            "routing_http_request_x_amzn_mtls_clientcert_subject_header_name": "",
            "routing_http_request_x_amzn_mtls_clientcert_validity_header_name": "",
            "routing_http_request_x_amzn_tls_cipher_suite_header_name": "",
            "routing_http_request_x_amzn_tls_version_header_name": "",
            "routing_http_response_access_control_allow_credentials_header_value": "",
            "routing_http_response_access_control_allow_headers_header_value": "",
            "routing_http_response_access_control_allow_methods_header_value": "",
            "routing_http_response_access_control_allow_origin_header_value": "",
            "routing_http_response_access_control_expose_headers_header_value": "",
            "routing_http_response_access_control_max_age_header_value": "",
            "routing_http_response_content_security_policy_header_value": "",
            "routing_http_response_server_enabled": true,
            "routing_http_response_strict_transport_security_header_value": "",
            "routing_http_response_x_content_type_options_header_value": "",
            "routing_http_response_x_frame_options_header_value": "",
            "ssl_policy": "ELBSecurityPolicy-2016-08",
            "tags": {},
            "tags_all": {},
            "tcp_idle_timeout_seconds": null,
            "timeouts": null
          },
          "sensitive_attributes": [],
          "identity_schema_version": 0,
          "private": "eyJlMmJmYjczMC1lY2FhLTExZTYtOGY4OC0zNDM2M2JjN2M0YzAiOnsiY3JlYXRlIjozMDAwMDAwMDAwMDAsInVwZGF0ZSI6MzAwMDAwMDAwMDAwfX0=",
          "dependencies": [
            "module.alb.aws_acm_certificate.alb",
            "module.alb.aws_lb.main",
            "module.alb.aws_lb_trust_store.mtls",
            "module.alb.aws_s3_bucket.mtls_trust_store",
            "module.alb.data.aws_caller_identity.current",
            "module.alb.tls_private_key.alb",
            "module.alb.tls_self_signed_cert.alb",
            "module.networking.aws_security_group.alb",
            "module.networking.aws_subnet.public",
            "module.networking.aws_vpc.main",
            "module.networking.data.aws_availability_zones.available"
          ]
        }
      ]
    },
    {
      "module": "module.alb",
      "mode": "managed",
      "type": "aws_lb_listener_rule",
      "name": "ingest",
      "provider": "provider[\"registry.terraform.io/hashicorp/aws\"]",
      "instances": [
        {
          "schema_version": 0,
          "attributes": {
            "action": [
              {
                "authenticate_cognito": [],
                "authenticate_oidc": [],
                "fixed_response": [],
                "forward": [],
                "order": 1,
                "redirect": [],
                "target_group_arn": "arn:aws:elasticloadbalancing:ap-south-1:771239567939:targetgroup/dstreambolt-ingest-tg/e4db612be7d3ba12",
                "type": "forward"
              }
            ],
            "arn": "arn:aws:elasticloadbalancing:ap-south-1:771239567939:listener-rule/app/dstreambolt-alb/755e9c234508892f/153cf03a5d4b5a87/f0f509f1c66ab287",
            "condition": [
              {
                "host_header": [],
                "http_header": [],
                "http_request_method": [],
                "path_pattern": [
                  {
                    "values": [
                      "/health",
                      "/ingest",
                      "/ingest/*"
                    ]
                  }
                ],
                "query_string": [],
                "source_ip": []
              }
            ],
            "id": "arn:aws:elasticloadbalancing:ap-south-1:771239567939:listener-rule/app/dstreambolt-alb/755e9c234508892f/153cf03a5d4b5a87/f0f509f1c66ab287",
            "listener_arn": "arn:aws:elasticloadbalancing:ap-south-1:771239567939:listener/app/dstreambolt-alb/755e9c234508892f/153cf03a5d4b5a87",
            "priority": 100,
            "tags": {},
            "tags_all": {}
          },
          "sensitive_attributes": [],
          "identity_schema_version": 0,
          "private": "bnVsbA==",
          "dependencies": [
            "module.alb.aws_acm_certificate.alb",
            "module.alb.aws_lb.main",
            "module.alb.aws_lb_listener.https",
            "module.alb.aws_lb_target_group.ingest",
            "module.alb.aws_lb_trust_store.mtls",
            "module.alb.aws_s3_bucket.mtls_trust_store",
            "module.alb.data.aws_caller_identity.current",
            "module.alb.tls_private_key.alb",
            "module.alb.tls_self_signed_cert.alb",
            "module.networking.aws_security_group.alb",
            "module.networking.aws_subnet.public",
            "module.networking.aws_vpc.main",
            "module.networking.data.aws_availability_zones.available"
          ]
        }
      ]
    },
    {
      "module": "module.alb",
      "mode": "managed",
      "type": "aws_lb_target_group",
      "name": "ingest",
      "provider": "provider[\"registry.terraform.io/hashicorp/aws\"]",
      "instances": [
        {
          "schema_version": 0,
          "attributes": {
            "arn": "arn:aws:elasticloadbalancing:ap-south-1:771239567939:targetgroup/dstreambolt-ingest-tg/e4db612be7d3ba12",
            "arn_suffix": "targetgroup/dstreambolt-ingest-tg/e4db612be7d3ba12",
            "connection_termination": null,
            "deregistration_delay": "300",
            "health_check": [
              {
                "enabled": true,
                "healthy_threshold": 2,
                "interval": 30,
                "matcher": "200",
                "path": "/health",
                "port": "traffic-port",
                "protocol": "HTTP",
                "timeout": 5,
                "unhealthy_threshold": 3
              }
            ],
            "id": "arn:aws:elasticloadbalancing:ap-south-1:771239567939:targetgroup/dstreambolt-ingest-tg/e4db612be7d3ba12",
            "ip_address_type": "ipv4",
            "lambda_multi_value_headers_enabled": false,
            "load_balancer_arns": [
              "arn:aws:elasticloadbalancing:ap-south-1:771239567939:loadbalancer/app/dstreambolt-alb/755e9c234508892f"
            ],
            "load_balancing_algorithm_type": "round_robin",
            "load_balancing_anomaly_mitigation": "off",
            "load_balancing_cross_zone_enabled": "use_load_balancer_configuration",
            "name": "dstreambolt-ingest-tg",
            "name_prefix": "",
            "port": 5000,
            "preserve_client_ip": null,
            "protocol": "HTTP",
            "protocol_version": "HTTP1",
            "proxy_protocol_v2": false,
            "slow_start": 0,
            "stickiness": [
              {
                "cookie_duration": 86400,
                "cookie_name": "",
                "enabled": false,
                "type": "lb_cookie"
              }
            ],
            "tags": {},
            "tags_all": {},
            "target_failover": [
              {
                "on_deregistration": null,
                "on_unhealthy": null
              }
            ],
            "target_group_health": [
              {
                "dns_failover": [
                  {
                    "minimum_healthy_targets_count": "1",
                    "minimum_healthy_targets_percentage": "off"
                  }
                ],
                "unhealthy_state_routing": [
                  {
                    "minimum_healthy_targets_count": 1,
                    "minimum_healthy_targets_percentage": "off"
                  }
                ]
              }
            ],
            "target_health_state": [
              {
                "enable_unhealthy_connection_termination": null,
                "unhealthy_draining_interval": null
              }
            ],
            "target_type": "instance",
            "vpc_id": "vpc-0bcc1fd8fd257748a"
          },
          "sensitive_attributes": [],
          "identity_schema_version": 0,
          "private": "bnVsbA==",
          "dependencies": [
            "module.networking.aws_vpc.main"
          ]
        }
      ]
    },
    {
      "module": "module.alb",
      "mode": "managed",
      "type": "aws_lb_trust_store",
      "name": "mtls",
      "provider": "provider[\"registry.terraform.io/hashicorp/aws\"]",
      "instances": [
        {
          "schema_version": 0,
          "attributes": {
            "arn": "arn:aws:elasticloadbalancing:ap-south-1:771239567939:truststore/dstreambolt-mtls-trust-store/d1661e3f88f490b5",
            "arn_suffix": null,
            "ca_certificates_bundle_s3_bucket": "dstreambolt-mtls-trust-store-771239567939",
            "ca_certificates_bundle_s3_key": "ca-bundle.pem",
            "ca_certificates_bundle_s3_object_version": null,
            "id": "arn:aws:elasticloadbalancing:ap-south-1:771239567939:truststore/dstreambolt-mtls-trust-store/d1661e3f88f490b5",
            "name": "dstreambolt-mtls-trust-store",
            "name_prefix": "",
            "tags": {
              "Name": "dstreambolt-mtls-trust-store"
            },
            "tags_all": {
              "Name": "dstreambolt-mtls-trust-store"
            },
            "timeouts": null
          },
          "sensitive_attributes": [],
          "identity_schema_version": 0,
          "private": "eyJlMmJmYjczMC1lY2FhLTExZTYtOGY4OC0zNDM2M2JjN2M0YzAiOnsiY3JlYXRlIjoxMjAwMDAwMDAwMDAsImRlbGV0ZSI6MTIwMDAwMDAwMDAwfX0=",
          "dependencies": [
            "module.alb.aws_s3_bucket.mtls_trust_store",
            "module.alb.data.aws_caller_identity.current"
          ]
        }
      ]
    },
    {
      "module": "module.alb",
      "mode": "managed",
      "type": "aws_s3_bucket",
      "name": "mtls_trust_store",
      "provider": "provider[\"registry.terraform.io/hashicorp/aws\"]",
      "instances": [
        {
          "schema_version": 0,
          "attributes": {
            "acceleration_status": "",
            "acl": null,
            "arn": "arn:aws:s3:::dstreambolt-mtls-trust-store-771239567939",
            "bucket": "dstreambolt-mtls-trust-store-771239567939",
            "bucket_domain_name": "dstreambolt-mtls-trust-store-771239567939.s3.amazonaws.com",
            "bucket_prefix": "",
            "bucket_regional_domain_name": "dstreambolt-mtls-trust-store-771239567939.s3.ap-south-1.amazonaws.com",
            "cors_rule": [],
            "force_destroy": false,
            "grant": [
              {
                "id": "68793adf069b865679ad92523790680702c277f43996ec697876fbb407301cd1",
                "permissions": [
                  "FULL_CONTROL"
                ],
                "type": "CanonicalUser",
                "uri": ""
              }
            ],
            "hosted_zone_id": "Z11RGJOFQNVJUP",
            "id": "dstreambolt-mtls-trust-store-771239567939",
            "lifecycle_rule": [],
            "logging": [],
            "object_lock_configuration": [],
            "object_lock_enabled": false,
            "policy": "",
            "region": "ap-south-1",
            "replication_configuration": [],
            "request_payer": "BucketOwner",
            "server_side_encryption_configuration": [
              {
                "rule": [
                  {
                    "apply_server_side_encryption_by_default": [
                      {
                        "kms_master_key_id": "",
                        "sse_algorithm": "AES256"
                      }
                    ],
                    "bucket_key_enabled": false
                  }
                ]
              }
            ],
            "tags": {
              "Name": "dstreambolt-mtls-trust-store"
            },
            "tags_all": {
              "Name": "dstreambolt-mtls-trust-store"
            },
            "timeouts": null,
            "versioning": [
              {
                "enabled": true,
                "mfa_delete": false
              }
            ],
            "website": [],
            "website_domain": null,
            "website_endpoint": null
          },
          "sensitive_attributes": [],
          "identity_schema_version": 0,
          "private": "eyJlMmJmYjczMC1lY2FhLTExZTYtOGY4OC0zNDM2M2JjN2M0YzAiOnsiY3JlYXRlIjoxMjAwMDAwMDAwMDAwLCJkZWxldGUiOjM2MDAwMDAwMDAwMDAsInJlYWQiOjEyMDAwMDAwMDAwMDAsInVwZGF0ZSI6MTIwMDAwMDAwMDAwMH19",
          "dependencies": [
            "module.alb.data.aws_caller_identity.current"
          ]
        }
      ]
    },
    {
      "module": "module.alb",
      "mode": "managed",
      "type": "aws_s3_bucket_versioning",
      "name": "mtls_trust_store",
      "provider": "provider[\"registry.terraform.io/hashicorp/aws\"]",
      "instances": [
        {
          "schema_version": 0,
          "attributes": {
            "bucket": "dstreambolt-mtls-trust-store-771239567939",
            "expected_bucket_owner": "",
            "id": "dstreambolt-mtls-trust-store-771239567939",
            "mfa": null,
            "versioning_configuration": [
              {
                "mfa_delete": "",
                "status": "Enabled"
              }
            ]
          },
          "sensitive_attributes": [],
          "identity_schema_version": 0,
          "private": "eyJzY2hlbWFfdmVyc2lvbiI6IjAifQ==",
          "dependencies": [
            "module.alb.aws_s3_bucket.mtls_trust_store",
            "module.alb.data.aws_caller_identity.current"
          ]
        }
      ]
    },
    {
      "module": "module.alb",
      "mode": "managed",
      "type": "tls_private_key",
      "name": "alb",
      "provider": "provider[\"registry.terraform.io/hashicorp/tls\"]",
      "instances": [
        {
          "schema_version": 1,
          "attributes": {
            "algorithm": "RSA",
            "ecdsa_curve": "P224",
            "id": "c900995f2f2b51733f2eac7d5e41e7184109eb30",
            "private_key_openssh": "-----BEGIN OPENSSH PRIVATE KEY-----\nb3BlbnNzaC1rZXktdjEAAAAABG5vbmUAAAAEbm9uZQAAAAAAAAABAAABFwAAAAdz\nc2gtcnNhAAAAAwEAAQAAAQEAn1xlX+iyOrkJDX7M1U0nJ8AZL+QY+XPLiP8o3qoZ\n4buaC5W9EwvBMNFKb+MjROwwVacU+optEJNPZzimMkbm2BUF1FQn1M+tsf2aTmid\nu6FM+HbXYu/Ek3Wb4Sr2h8TbJxMVbbrt+1maEamc4QiMqCPgHOWgwJ8dvDtuaXKb\nOdnwCNSwpA9olqyAoprpQkDokjDSA2lhhT21z7p3lmTC9xM8QIf4rgO9ufFmn92q\ncrn0oV0Ra4GbWWbxzGjQ7E4AeiitrAqKmdiqaHccHhlK6k64RN1rTx9i2e9/TFbC\n6kX08T9W8rAiKGYztDRARGuw3aez5ZNBaTY3R65vEfGRLwAAA7iEeaD7hHmg+wAA\nAAdzc2gtcnNhAAABAQCfXGVf6LI6uQkNfszVTScnwBkv5Bj5c8uI/yjeqhnhu5oL\nlb0TC8Ew0Upv4yNE7DBVpxT6im0Qk09nOKYyRubYFQXUVCfUz62x/ZpOaJ27oUz4\ndtdi78STdZvhKvaHxNsnExVtuu37WZoRqZzhCIyoI+Ac5aDAnx28O25pcps52fAI\n1LCkD2iWrICimulCQOiSMNIDaWGFPbXPuneWZML3EzxAh/iuA7258Waf3apyufSh\nXRFrgZtZZvHMaNDsTgB6KK2sCoqZ2KpodxweGUrqTrhE3WtPH2LZ739MVsLqRfTx\nP1bysCIoZjO0NEBEa7Ddp7Plk0FpNjdHrm8R8ZEvAAAAAwEAAQAAAQA+uTxBcrJs\nAJZ6lFUFA5gMwkRnoCzgSl5rLpskgOks+w0X0DkaPP8uOsJEpa8lGp2vqNLOBhwF\ncSXIp/hqQ5PqquOfffwrfA6OxxWsFOs4hbVo+kWucFb7/0d6adGdALONfqpphTDU\nRKEqoIrZ2+aY633zgcIy7q3if7XmlTBZpToeFgvI9iwfnnbk4SnywY3Cb0eEns/5\nyOsNqAJ5aHtTuryLvaZ5+GCO+qrud8sAsHS5cQ5FSDR3+gCshk4N7/Ipdb6iJX/u\nn8eBB3sBh+1hP5MWBVB8VmqubBx92TMiUe7SnLyVUjkOXw1TWURIhu+c7g4b0S3C\nOceX+X+4i8fRAAAAgQCxmKWGixIlRZWCSYz0ZtRqDojCoRqVARxILYzcNaXnVcod\njlc98+LJ3jl/pQzCaV4JV6UrqXuIzPMfTMeP1+su4y9fxSyCAin1NUat5+eS4EKk\nWiBGiScHbEKd7RJPxToC5xzlwMMm5IL3W5M7rvpWhSeCGlullu0gJbZRwqyo7AAA\nAIEAzAKxWrLO07U487/uNseART0Rg2he57jlWB8R+kquu4Up4tkgulvU7qEl5fAW\nU+/JDieuU3mGZnM2XZce8AN5TyzunH4mVDQ4kxOGaPgc0prVyI8IET1PchN4aiMC\nyuKOtVL6yEFvXMNx8gKeaFobLVWobDJW8UBCFZW4E5anQekAAACBAMf41nPf01Ai\n6rUiqqUAwbl+ateX2hagrcl0FsIY9UUff6bPPYn39ie888bcWhXeeqqxFTHHj0Vz\nh0gxIWatmhubnFZuzj++mbpzge7kp47B+IBXt2AHFb+kIPguvWfpp3UV5BmkteKd\nprNN5hNxpDmJRVN92XDEflSrWg0O+vNXAAAAAAEC\n-----END OPENSSH PRIVATE KEY-----\n",
            "private_key_pem": "-----BEGIN RSA PRIVATE KEY-----\nMIIEpAIBAAKCAQEAn1xlX+iyOrkJDX7M1U0nJ8AZL+QY+XPLiP8o3qoZ4buaC5W9\nEwvBMNFKb+MjROwwVacU+optEJNPZzimMkbm2BUF1FQn1M+tsf2aTmidu6FM+HbX\nYu/Ek3Wb4Sr2h8TbJxMVbbrt+1maEamc4QiMqCPgHOWgwJ8dvDtuaXKbOdnwCNSw\npA9olqyAoprpQkDokjDSA2lhhT21z7p3lmTC9xM8QIf4rgO9ufFmn92qcrn0oV0R\na4GbWWbxzGjQ7E4AeiitrAqKmdiqaHccHhlK6k64RN1rTx9i2e9/TFbC6kX08T9W\n8rAiKGYztDRARGuw3aez5ZNBaTY3R65vEfGRLwIDAQABAoIBAD65PEFysmwAlnqU\nVQUDmAzCRGegLOBKXmsumySA6Sz7DRfQORo8/y46wkSlryUana+o0s4GHAVxJcin\n+GpDk+qq4599/Ct8Do7HFawU6ziFtWj6Ra5wVvv/R3pp0Z0As41+qmmFMNREoSqg\nitnb5pjrffOBwjLureJ/teaVMFmlOh4WC8j2LB+eduThKfLBjcJvR4Sez/nI6w2o\nAnloe1O6vIu9pnn4YI76qu53ywCwdLlxDkVINHf6AKyGTg3v8il1vqIlf+6fx4EH\newGH7WE/kxYFUHxWaq5sHH3ZMyJR7tKcvJVSOQ5fDVNZREiG75zuDhvRLcI5x5f5\nf7iLx9ECgYEAzAKxWrLO07U487/uNseART0Rg2he57jlWB8R+kquu4Up4tkgulvU\n7qEl5fAWU+/JDieuU3mGZnM2XZce8AN5TyzunH4mVDQ4kxOGaPgc0prVyI8IET1P\nchN4aiMCyuKOtVL6yEFvXMNx8gKeaFobLVWobDJW8UBCFZW4E5anQekCgYEAx/jW\nc9/TUCLqtSKqpQDBuX5q15faFqCtyXQWwhj1RR9/ps89iff2J7zzxtxaFd56qrEV\nMcePRXOHSDEhZq2aG5ucVm7OP76ZunOB7uSnjsH4gFe3YAcVv6Qg+C69Z+mndRXk\nGaS14p2ms03mE3GkOYlFU33ZcMR+VKtaDQ7681cCgYEAj5IBkCuv5EtvxhI3KXPi\nsFdWwNytlXOIayiKdVMjfrIrFQrqvlusETd1PUll3TItkvmX9ATc8bJ4+wpD6nL3\nZyHe1mDsxmttuQuPlsWtOwVeF+OYsNEt3MEZB9CVwYQJHFBGTrHGFkkxIjh3lEZ9\nQ705ZtNSXjtzhk80GQz3rikCgYAT6aWBOGKUckWo7+DKOX8Q95OwEED5S9rCWrsB\nbPbPgUl21OAt4vEyF9C2lq6pytOwN54CrPqJUe3AtJO848Cayy4QNUx4cIRiWqov\nnblJr+sM7K8n8sypnrBhxlW6CTxRnnJuU0aBYG1/IVytxv0xdYffvoJuhkKGL+Hx\ntvIqVQKBgQCxmKWGixIlRZWCSYz0ZtRqDojCoRqVARxILYzcNaXnVcodjlc98+LJ\n3jl/pQzCaV4JV6UrqXuIzPMfTMeP1+su4y9fxSyCAin1NUat5+eS4EKkWiBGiScH\nbEKd7RJPxToC5xzlwMMm5IL3W5M7rvpWhSeCGlullu0gJbZRwqyo7A==\n-----END RSA PRIVATE KEY-----\n",
            "private_key_pem_pkcs8": "-----BEGIN PRIVATE KEY-----\nMIIEvgIBADANBgkqhkiG9w0BAQEFAASCBKgwggSkAgEAAoIBAQCfXGVf6LI6uQkN\nfszVTScnwBkv5Bj5c8uI/yjeqhnhu5oLlb0TC8Ew0Upv4yNE7DBVpxT6im0Qk09n\nOKYyRubYFQXUVCfUz62x/ZpOaJ27oUz4dtdi78STdZvhKvaHxNsnExVtuu37WZoR\nqZzhCIyoI+Ac5aDAnx28O25pcps52fAI1LCkD2iWrICimulCQOiSMNIDaWGFPbXP\nuneWZML3EzxAh/iuA7258Waf3apyufShXRFrgZtZZvHMaNDsTgB6KK2sCoqZ2Kpo\ndxweGUrqTrhE3WtPH2LZ739MVsLqRfTxP1bysCIoZjO0NEBEa7Ddp7Plk0FpNjdH\nrm8R8ZEvAgMBAAECggEAPrk8QXKybACWepRVBQOYDMJEZ6As4Epeay6bJIDpLPsN\nF9A5Gjz/LjrCRKWvJRqdr6jSzgYcBXElyKf4akOT6qrjn338K3wOjscVrBTrOIW1\naPpFrnBW+/9HemnRnQCzjX6qaYUw1EShKqCK2dvmmOt984HCMu6t4n+15pUwWaU6\nHhYLyPYsH5525OEp8sGNwm9HhJ7P+cjrDagCeWh7U7q8i72mefhgjvqq7nfLALB0\nuXEORUg0d/oArIZODe/yKXW+oiV/7p/HgQd7AYftYT+TFgVQfFZqrmwcfdkzIlHu\n0py8lVI5Dl8NU1lESIbvnO4OG9EtwjnHl/l/uIvH0QKBgQDMArFass7TtTjzv+42\nx4BFPRGDaF7nuOVYHxH6Sq67hSni2SC6W9TuoSXl8BZT78kOJ65TeYZmczZdlx7w\nA3lPLO6cfiZUNDiTE4Zo+BzSmtXIjwgRPU9yE3hqIwLK4o61UvrIQW9cw3HyAp5o\nWhstVahsMlbxQEIVlbgTlqdB6QKBgQDH+NZz39NQIuq1IqqlAMG5fmrXl9oWoK3J\ndBbCGPVFH3+mzz2J9/YnvPPG3FoV3nqqsRUxx49Fc4dIMSFmrZobm5xWbs4/vpm6\nc4Hu5KeOwfiAV7dgBxW/pCD4Lr1n6ad1FeQZpLXinaazTeYTcaQ5iUVTfdlwxH5U\nq1oNDvrzVwKBgQCPkgGQK6/kS2/GEjcpc+KwV1bA3K2Vc4hrKIp1UyN+sisVCuq+\nW6wRN3U9SWXdMi2S+Zf0BNzxsnj7CkPqcvdnId7WYOzGa225C4+Wxa07BV4X45iw\n0S3cwRkH0JXBhAkcUEZOscYWSTEiOHeURn1DvTlm01JeO3OGTzQZDPeuKQKBgBPp\npYE4YpRyRajv4Mo5fxD3k7AQQPlL2sJauwFs9s+BSXbU4C3i8TIX0LaWrqnK07A3\nngKs+olR7cC0k7zjwJrLLhA1THhwhGJaqi+duUmv6wzsryfyzKmesGHGVboJPFGe\ncm5TRoFgbX8hXK3G/TF1h9++gm6GQoYv4fG28ipVAoGBALGYpYaLEiVFlYJJjPRm\n1GoOiMKhGpUBHEgtjNw1pedVyh2OVz3z4sneOX+lDMJpXglXpSupe4jM8x9Mx4/X\n6y7jL1/FLIICKfU1Rq3n55LgQqRaIEaJJwdsQp3tEk/FOgLnHOXAwybkgvdbkzuu\n+laFJ4IaW6WW7SAltlHCrKjs\n-----END PRIVATE KEY-----\n",
            "public_key_fingerprint_md5": "9f:b0:98:0e:31:72:5d:eb:3c:32:61:e8:ee:b0:0e:6f",
            "public_key_fingerprint_sha256": "SHA256:4dBkYNZCmlPdAfv5EnVgoYtI/5xgbD4S0ke/GIz/gqo",
            "public_key_openssh": "ssh-rsa AAAAB3NzaC1yc2EAAAADAQABAAABAQCfXGVf6LI6uQkNfszVTScnwBkv5Bj5c8uI/yjeqhnhu5oLlb0TC8Ew0Upv4yNE7DBVpxT6im0Qk09nOKYyRubYFQXUVCfUz62x/ZpOaJ27oUz4dtdi78STdZvhKvaHxNsnExVtuu37WZoRqZzhCIyoI+Ac5aDAnx28O25pcps52fAI1LCkD2iWrICimulCQOiSMNIDaWGFPbXPuneWZML3EzxAh/iuA7258Waf3apyufShXRFrgZtZZvHMaNDsTgB6KK2sCoqZ2KpodxweGUrqTrhE3WtPH2LZ739MVsLqRfTxP1bysCIoZjO0NEBEa7Ddp7Plk0FpNjdHrm8R8ZEv\n",
            "public_key_pem": "-----BEGIN PUBLIC KEY-----\nMIIBIjANBgkqhkiG9w0BAQEFAAOCAQ8AMIIBCgKCAQEAn1xlX+iyOrkJDX7M1U0n\nJ8AZL+QY+XPLiP8o3qoZ4buaC5W9EwvBMNFKb+MjROwwVacU+optEJNPZzimMkbm\n2BUF1FQn1M+tsf2aTmidu6FM+HbXYu/Ek3Wb4Sr2h8TbJxMVbbrt+1maEamc4QiM\nqCPgHOWgwJ8dvDtuaXKbOdnwCNSwpA9olqyAoprpQkDokjDSA2lhhT21z7p3lmTC\n9xM8QIf4rgO9ufFmn92qcrn0oV0Ra4GbWWbxzGjQ7E4AeiitrAqKmdiqaHccHhlK\n6k64RN1rTx9i2e9/TFbC6kX08T9W8rAiKGYztDRARGuw3aez5ZNBaTY3R65vEfGR\nLwIDAQAB\n-----END PUBLIC KEY-----\n",
            "rsa_bits": 2048
          },
          "sensitive_attributes": [
            [
              {
                "type": "get_attr",
                "value": "private_key_openssh"
              }
            ],
            [
              {
                "type": "get_attr",
                "value": "private_key_pem"
              }
            ],
            [
              {
                "type": "get_attr",
                "value": "private_key_pem_pkcs8"
              }
            ]
          ],
          "identity_schema_version": 0
        }
      ]
    },
    {
      "module": "module.alb",
      "mode": "managed",
      "type": "tls_self_signed_cert",
      "name": "alb",
      "provider": "provider[\"registry.terraform.io/hashicorp/tls\"]",
      "instances": [
        {
          "schema_version": 0,
          "attributes": {
            "allowed_uses": [
              "key_encipherment",
              "digital_signature",
              "server_auth"
            ],
            "cert_pem": "-----BEGIN CERTIFICATE-----\nMIIDJzCCAg+gAwIBAgIQWCdlkCjQEi8/z7Q4K8vaTzANBgkqhkiG9w0BAQsFADA0\nMRQwEgYDVQQKEwtkc3RyZWFtYm9sdDEcMBoGA1UEAwwTKi5lbGIuYW1hem9uYXdz\nLmNvbTAeFw0yNTEyMDUxNTA1NDFaFw0yNjEyMDUxNTA1NDFaMDQxFDASBgNVBAoT\nC2RzdHJlYW1ib2x0MRwwGgYDVQQDDBMqLmVsYi5hbWF6b25hd3MuY29tMIIBIjAN\nBgkqhkiG9w0BAQEFAAOCAQ8AMIIBCgKCAQEAn1xlX+iyOrkJDX7M1U0nJ8AZL+QY\n+XPLiP8o3qoZ4buaC5W9EwvBMNFKb+MjROwwVacU+optEJNPZzimMkbm2BUF1FQn\n1M+tsf2aTmidu6FM+HbXYu/Ek3Wb4Sr2h8TbJxMVbbrt+1maEamc4QiMqCPgHOWg\nwJ8dvDtuaXKbOdnwCNSwpA9olqyAoprpQkDokjDSA2lhhT21z7p3lmTC9xM8QIf4\nrgO9ufFmn92qcrn0oV0Ra4GbWWbxzGjQ7E4AeiitrAqKmdiqaHccHhlK6k64RN1r\nTx9i2e9/TFbC6kX08T9W8rAiKGYztDRARGuw3aez5ZNBaTY3R65vEfGRLwIDAQAB\nozUwMzAOBgNVHQ8BAf8EBAMCBaAwEwYDVR0lBAwwCgYIKwYBBQUHAwEwDAYDVR0T\nAQH/BAIwADANBgkqhkiG9w0BAQsFAAOCAQEAhJ8bCE56O+7lwW8cO/JRoV8A8I40\nzUHqOEAuzwf/ab9Qaa7OP1L3lQNjgU1/aD4V9tMj1Mxk7xOdumf5V6zYlfayDCJ+\n9k299A/BnHW2qUa/OyFCVmiizYgsoe1J6Y1TffhXNT7tQuOjURBFKO85Y6GAswmq\nLnVH2lT/sFyrT/A1lsbmeL0mIsCjI2itiuUD+3smwpB9mWxsY25YEdyZ/Mh+5+d3\nsCevqhghOKWtaMhZqRsO6Pr+HxlRMT79zCJYwsctIIzIY+/mYg9G2SQHvvuLfR3q\niuO7yP9GZGNtbX9kwidqCwu2pUIpT4hwMf/4TtEJkzvVc3a1MQygc+eZzA==\n-----END CERTIFICATE-----\n",
            "dns_names": null,
            "early_renewal_hours": 0,
            "id": "117176623151411768803350543437426055759",
            "ip_addresses": null,
            "is_ca_certificate": false,
            "key_algorithm": "RSA",
            "private_key_pem": "-----BEGIN RSA PRIVATE KEY-----\nMIIEpAIBAAKCAQEAn1xlX+iyOrkJDX7M1U0nJ8AZL+QY+XPLiP8o3qoZ4buaC5W9\nEwvBMNFKb+MjROwwVacU+optEJNPZzimMkbm2BUF1FQn1M+tsf2aTmidu6FM+HbX\nYu/Ek3Wb4Sr2h8TbJxMVbbrt+1maEamc4QiMqCPgHOWgwJ8dvDtuaXKbOdnwCNSw\npA9olqyAoprpQkDokjDSA2lhhT21z7p3lmTC9xM8QIf4rgO9ufFmn92qcrn0oV0R\na4GbWWbxzGjQ7E4AeiitrAqKmdiqaHccHhlK6k64RN1rTx9i2e9/TFbC6kX08T9W\n8rAiKGYztDRARGuw3aez5ZNBaTY3R65vEfGRLwIDAQABAoIBAD65PEFysmwAlnqU\nVQUDmAzCRGegLOBKXmsumySA6Sz7DRfQORo8/y46wkSlryUana+o0s4GHAVxJcin\n+GpDk+qq4599/Ct8Do7HFawU6ziFtWj6Ra5wVvv/R3pp0Z0As41+qmmFMNREoSqg\nitnb5pjrffOBwjLureJ/teaVMFmlOh4WC8j2LB+eduThKfLBjcJvR4Sez/nI6w2o\nAnloe1O6vIu9pnn4YI76qu53ywCwdLlxDkVINHf6AKyGTg3v8il1vqIlf+6fx4EH\newGH7WE/kxYFUHxWaq5sHH3ZMyJR7tKcvJVSOQ5fDVNZREiG75zuDhvRLcI5x5f5\nf7iLx9ECgYEAzAKxWrLO07U487/uNseART0Rg2he57jlWB8R+kquu4Up4tkgulvU\n7qEl5fAWU+/JDieuU3mGZnM2XZce8AN5TyzunH4mVDQ4kxOGaPgc0prVyI8IET1P\nchN4aiMCyuKOtVL6yEFvXMNx8gKeaFobLVWobDJW8UBCFZW4E5anQekCgYEAx/jW\nc9/TUCLqtSKqpQDBuX5q15faFqCtyXQWwhj1RR9/ps89iff2J7zzxtxaFd56qrEV\nMcePRXOHSDEhZq2aG5ucVm7OP76ZunOB7uSnjsH4gFe3YAcVv6Qg+C69Z+mndRXk\nGaS14p2ms03mE3GkOYlFU33ZcMR+VKtaDQ7681cCgYEAj5IBkCuv5EtvxhI3KXPi\nsFdWwNytlXOIayiKdVMjfrIrFQrqvlusETd1PUll3TItkvmX9ATc8bJ4+wpD6nL3\nZyHe1mDsxmttuQuPlsWtOwVeF+OYsNEt3MEZB9CVwYQJHFBGTrHGFkkxIjh3lEZ9\nQ705ZtNSXjtzhk80GQz3rikCgYAT6aWBOGKUckWo7+DKOX8Q95OwEED5S9rCWrsB\nbPbPgUl21OAt4vEyF9C2lq6pytOwN54CrPqJUe3AtJO848Cayy4QNUx4cIRiWqov\nnblJr+sM7K8n8sypnrBhxlW6CTxRnnJuU0aBYG1/IVytxv0xdYffvoJuhkKGL+Hx\ntvIqVQKBgQCxmKWGixIlRZWCSYz0ZtRqDojCoRqVARxILYzcNaXnVcodjlc98+LJ\n3jl/pQzCaV4JV6UrqXuIzPMfTMeP1+su4y9fxSyCAin1NUat5+eS4EKkWiBGiScH\nbEKd7RJPxToC5xzlwMMm5IL3W5M7rvpWhSeCGlullu0gJbZRwqyo7A==\n-----END RSA PRIVATE KEY-----\n",
            "ready_for_renewal": false,
            "set_authority_key_id": false,
            "set_subject_key_id": false,
            "subject": [
              {
                "common_name": "*.elb.amazonaws.com",
                "country": null,
                "email_address": null,
                "locality": null,
                "organization": "dstreambolt",
                "organizational_unit": null,
                "postal_code": null,
                "province": null,
                "serial_number": null,
                "street_address": null
              }
            ],
            "uris": null,
            "validity_end_time": "2026-12-05T20:35:41.451424+05:30",
            "validity_period_hours": 8760,
            "validity_start_time": "2025-12-05T20:35:41.451424+05:30"
          },
          "sensitive_attributes": [
            [
              {
                "type": "get_attr",
                "value": "private_key_pem"
              }
            ]
          ],
          "identity_schema_version": 0,
          "dependencies": [
            "module.alb.tls_private_key.alb"
          ]
        }
      ]
    },
    {
      "module": "module.compute",
      "mode": "managed",
      "type": "aws_instance",
      "name": "spark_executor",
      "provider": "provider[\"registry.terraform.io/hashicorp/aws\"]",
      "instances": [
        {
          "schema_version": 1,
          "attributes": {
            "ami": "ami-0ff91eb5c6fe7cc86",
            "arn": "arn:aws:ec2:ap-south-1:771239567939:instance/i-062361908dc0baaf3",
            "associate_public_ip_address": true,
            "availability_zone": "ap-south-1a",
            "capacity_reservation_specification": [
              {
                "capacity_reservation_preference": "open",
                "capacity_reservation_target": []
              }
            ],
            "cpu_core_count": 1,
            "cpu_options": [
              {
                "amd_sev_snp": "",
                "core_count": 1,
                "threads_per_core": 2
              }
            ],
            "cpu_threads_per_core": 2,
            "credit_specification": [
              {
                "cpu_credits": "unlimited"
              }
            ],
            "disable_api_stop": false,
            "disable_api_termination": false,
            "ebs_block_device": [],
            "ebs_optimized": false,
            "enable_primary_ipv6": null,
            "enclave_options": [
              {
                "enabled": false
              }
            ],
            "ephemeral_block_device": [],
            "get_password_data": false,
            "hibernation": false,
            "host_id": "",
            "host_resource_group_arn": null,
            "iam_instance_profile": "dstreambolt-ec2-profile",
            "id": "i-062361908dc0baaf3",
            "instance_initiated_shutdown_behavior": "stop",
            "instance_lifecycle": "",
            "instance_market_options": [],
            "instance_state": "running",
            "instance_type": "t3.small",
            "ipv6_address_count": 0,
            "ipv6_addresses": [],
            "key_name": "dstreambolt-access-key",
            "launch_template": [],
            "maintenance_options": [
              {
                "auto_recovery": "default"
              }
            ],
            "metadata_options": [
              {
                "http_endpoint": "enabled",
                "http_protocol_ipv6": "disabled",
                "http_put_response_hop_limit": 1,
                "http_tokens": "optional",
                "instance_metadata_tags": "disabled"
              }
            ],
            "monitoring": false,
            "network_interface": [],
            "outpost_arn": "",
            "password_data": "",
            "placement_group": "",
            "placement_partition_number": 0,
            "primary_network_interface_id": "eni-061ad29f7b90ae982",
            "private_dns": "ip-10-0-1-241.ap-south-1.compute.internal",
            "private_dns_name_options": [
              {
                "enable_resource_name_dns_a_record": false,
                "enable_resource_name_dns_aaaa_record": false,
                "hostname_type": "ip-name"
              }
            ],
            "private_ip": "10.0.1.241",
            "public_dns": "ec2-65-0-74-255.ap-south-1.compute.amazonaws.com",
            "public_ip": "65.0.74.255",
            "root_block_device": [
              {
                "delete_on_termination": true,
                "device_name": "/dev/sda1",
                "encrypted": false,
                "iops": 100,
                "kms_key_id": "",
                "tags": {},
                "tags_all": {},
                "throughput": 0,
                "volume_id": "vol-0f248a28ca453517e",
                "volume_size": 8,
                "volume_type": "gp2"
              }
            ],
            "secondary_private_ips": [],
            "security_groups": [],
            "source_dest_check": true,
            "spot_instance_request_id": "",
            "subnet_id": "subnet-0972010fe596215b8",
            "tags": {
              "Name": "dstreambolt-spark-executor",
              "Role": "spark-executor"
            },
            "tags_all": {
              "Name": "dstreambolt-spark-executor",
              "Role": "spark-executor"
            },
            "tenancy": "default",
            "timeouts": null,
            "user_data": "7f42a28295a061bbfa82ead8d562339ed4621c68",
            "user_data_base64": null,
            "user_data_replace_on_change": true,
            "volume_tags": null,
            "vpc_security_group_ids": [
              "sg-040a0ba61156177d3"
            ]
          },
          "sensitive_attributes": [],
          "identity_schema_version": 0,
          "private": "eyJlMmJmYjczMC1lY2FhLTExZTYtOGY4OC0zNDM2M2JjN2M0YzAiOnsiY3JlYXRlIjo2MDAwMDAwMDAwMDAsImRlbGV0ZSI6MTIwMDAwMDAwMDAwMCwicmVhZCI6OTAwMDAwMDAwMDAwLCJ1cGRhdGUiOjYwMDAwMDAwMDAwMH0sInNjaGVtYV92ZXJzaW9uIjoiMSJ9",
          "dependencies": [
            "data.aws_ami.ubuntu",
            "module.compute.aws_instance.spark_master",
            "module.networking.aws_iam_instance_profile.ec2",
            "module.networking.aws_iam_role.ec2",
            "module.networking.aws_security_group.compute",
            "module.networking.aws_subnet.public",
            "module.networking.aws_vpc.main",
            "module.networking.data.aws_availability_zones.available"
          ]
        }
      ]
    },
    {
      "module": "module.compute",
      "mode": "managed",
      "type": "aws_instance",
      "name": "spark_master",
      "provider": "provider[\"registry.terraform.io/hashicorp/aws\"]",
      "instances": [
        {
          "schema_version": 1,
          "attributes": {
            "ami": "ami-0ff91eb5c6fe7cc86",
            "arn": "arn:aws:ec2:ap-south-1:771239567939:instance/i-0b7f86f2643e516f5",
            "associate_public_ip_address": true,
            "availability_zone": "ap-south-1a",
            "capacity_reservation_specification": [
              {
                "capacity_reservation_preference": "open",
                "capacity_reservation_target": []
              }
            ],
            "cpu_core_count": 1,
            "cpu_options": [
              {
                "amd_sev_snp": "",
                "core_count": 1,
                "threads_per_core": 2
              }
            ],
            "cpu_threads_per_core": 2,
            "credit_specification": [
              {
                "cpu_credits": "unlimited"
              }
            ],
            "disable_api_stop": false,
            "disable_api_termination": false,
            "ebs_block_device": [],
            "ebs_optimized": false,
            "enable_primary_ipv6": null,
            "enclave_options": [
              {
                "enabled": false
              }
            ],
            "ephemeral_block_device": [],
            "get_password_data": false,
            "hibernation": false,
            "host_id": "",
            "host_resource_group_arn": null,
            "iam_instance_profile": "dstreambolt-ec2-profile",
            "id": "i-0b7f86f2643e516f5",
            "instance_initiated_shutdown_behavior": "stop",
            "instance_lifecycle": "",
            "instance_market_options": [],
            "instance_state": "running",
            "instance_type": "t3.small",
            "ipv6_address_count": 0,
            "ipv6_addresses": [],
            "key_name": "dstreambolt-access-key",
            "launch_template": [],
            "maintenance_options": [
              {
                "auto_recovery": "default"
              }
            ],
            "metadata_options": [
              {
                "http_endpoint": "enabled",
                "http_protocol_ipv6": "disabled",
                "http_put_response_hop_limit": 1,
                "http_tokens": "optional",
                "instance_metadata_tags": "disabled"
              }
            ],
            "monitoring": false,
            "network_interface": [],
            "outpost_arn": "",
            "password_data": "",
            "placement_group": "",
            "placement_partition_number": 0,
            "primary_network_interface_id": "eni-01687911df0dd0511",
            "private_dns": "ip-10-0-1-10.ap-south-1.compute.internal",
            "private_dns_name_options": [
              {
                "enable_resource_name_dns_a_record": false,
                "enable_resource_name_dns_aaaa_record": false,
                "hostname_type": "ip-name"
              }
            ],
            "private_ip": "10.0.1.10",
            "public_dns": "ec2-52-66-171-95.ap-south-1.compute.amazonaws.com",
            "public_ip": "52.66.171.95",
            "root_block_device": [
              {
                "delete_on_termination": true,
                "device_name": "/dev/sda1",
                "encrypted": false,
                "iops": 100,
                "kms_key_id": "",
                "tags": {},
                "tags_all": {},
                "throughput": 0,
                "volume_id": "vol-0f543e9fa227fc366",
                "volume_size": 8,
                "volume_type": "gp2"
              }
            ],
            "secondary_private_ips": [],
            "security_groups": [],
            "source_dest_check": true,
            "spot_instance_request_id": "",
            "subnet_id": "subnet-0972010fe596215b8",
            "tags": {
              "Name": "dstreambolt-spark-master",
              "Role": "spark-master"
            },
            "tags_all": {
              "Name": "dstreambolt-spark-master",
              "Role": "spark-master"
            },
            "tenancy": "default",
            "timeouts": null,
            "user_data": "9bac6f94d7dc90a13272deeedabd8a8cbb9db367",
            "user_data_base64": null,
            "user_data_replace_on_change": true,
            "volume_tags": null,
            "vpc_security_group_ids": [
              "sg-040a0ba61156177d3"
            ]
          },
          "sensitive_attributes": [],
          "identity_schema_version": 0,
          "private": "eyJlMmJmYjczMC1lY2FhLTExZTYtOGY4OC0zNDM2M2JjN2M0YzAiOnsiY3JlYXRlIjo2MDAwMDAwMDAwMDAsImRlbGV0ZSI6MTIwMDAwMDAwMDAwMCwicmVhZCI6OTAwMDAwMDAwMDAwLCJ1cGRhdGUiOjYwMDAwMDAwMDAwMH0sInNjaGVtYV92ZXJzaW9uIjoiMSJ9",
          "dependencies": [
            "data.aws_ami.ubuntu",
            "module.networking.aws_iam_instance_profile.ec2",
            "module.networking.aws_iam_role.ec2",
            "module.networking.aws_security_group.compute",
            "module.networking.aws_subnet.public",
            "module.networking.aws_vpc.main",
            "module.networking.data.aws_availability_zones.available"
          ]
        }
      ]
    },
    {
      "module": "module.devops",
      "mode": "managed",
      "type": "aws_instance",
      "name": "devops",
      "provider": "provider[\"registry.terraform.io/hashicorp/aws\"]",
      "instances": [
        {
          "schema_version": 1,
          "attributes": {
            "ami": "ami-0ff91eb5c6fe7cc86",
            "arn": "arn:aws:ec2:ap-south-1:771239567939:instance/i-0b1376db0a62ca613",
            "associate_public_ip_address": true,
            "availability_zone": "ap-south-1a",
            "capacity_reservation_specification": [
              {
                "capacity_reservation_preference": "open",
                "capacity_reservation_target": []
              }
            ],
            "cpu_core_count": 1,
            "cpu_options": [
              {
                "amd_sev_snp": "",
                "core_count": 1,
                "threads_per_core": 2
              }
            ],
            "cpu_threads_per_core": 2,
            "credit_specification": [
              {
                "cpu_credits": "unlimited"
              }
            ],
            "disable_api_stop": false,
            "disable_api_termination": false,
            "ebs_block_device": [],
            "ebs_optimized": false,
            "enable_primary_ipv6": null,
            "enclave_options": [
              {
                "enabled": false
              }
            ],
            "ephemeral_block_device": [],
            "get_password_data": false,
            "hibernation": false,
            "host_id": "",
            "host_resource_group_arn": null,
            "iam_instance_profile": "dstreambolt-ec2-profile",
            "id": "i-0b1376db0a62ca613",
            "instance_initiated_shutdown_behavior": "stop",
            "instance_lifecycle": "",
            "instance_market_options": [],
            "instance_state": "running",
            "instance_type": "t3.small",
            "ipv6_address_count": 0,
            "ipv6_addresses": [],
            "key_name": "dstreambolt-access-key",
            "launch_template": [],
            "maintenance_options": [
              {
                "auto_recovery": "default"
              }
            ],
            "metadata_options": [
              {
                "http_endpoint": "enabled",
                "http_protocol_ipv6": "disabled",
                "http_put_response_hop_limit": 1,
                "http_tokens": "optional",
                "instance_metadata_tags": "disabled"
              }
            ],
            "monitoring": false,
            "network_interface": [],
            "outpost_arn": "",
            "password_data": "",
            "placement_group": "",
            "placement_partition_number": 0,
            "primary_network_interface_id": "eni-0c249689470b0c098",
            "private_dns": "ip-10-0-1-68.ap-south-1.compute.internal",
            "private_dns_name_options": [
              {
                "enable_resource_name_dns_a_record": false,
                "enable_resource_name_dns_aaaa_record": false,
                "hostname_type": "ip-name"
              }
            ],
            "private_ip": "10.0.1.68",
            "public_dns": "ec2-13-235-238-208.ap-south-1.compute.amazonaws.com",
            "public_ip": "13.235.238.208",
            "root_block_device": [
              {
                "delete_on_termination": true,
                "device_name": "/dev/sda1",
                "encrypted": false,
                "iops": 100,
                "kms_key_id": "",
                "tags": {},
                "tags_all": {},
                "throughput": 0,
                "volume_id": "vol-03bafe4bc2c43d925",
                "volume_size": 8,
                "volume_type": "gp2"
              }
            ],
            "secondary_private_ips": [],
            "security_groups": [],
            "source_dest_check": true,
            "spot_instance_request_id": "",
            "subnet_id": "subnet-0972010fe596215b8",
            "tags": {
              "Name": "dstreambolt-devops"
            },
            "tags_all": {
              "Name": "dstreambolt-devops"
            },
            "tenancy": "default",
            "timeouts": null,
            "user_data": "3cc5f33570c158f368a0471f7c249d39c5e45326",
            "user_data_base64": null,
            "user_data_replace_on_change": true,
            "volume_tags": null,
            "vpc_security_group_ids": [
              "sg-0fa99a04e0104263f"
            ]
          },
          "sensitive_attributes": [],
          "identity_schema_version": 0,
          "private": "eyJlMmJmYjczMC1lY2FhLTExZTYtOGY4OC0zNDM2M2JjN2M0YzAiOnsiY3JlYXRlIjo2MDAwMDAwMDAwMDAsImRlbGV0ZSI6MTIwMDAwMDAwMDAwMCwicmVhZCI6OTAwMDAwMDAwMDAwLCJ1cGRhdGUiOjYwMDAwMDAwMDAwMH0sInNjaGVtYV92ZXJzaW9uIjoiMSJ9",
          "dependencies": [
            "data.aws_ami.ubuntu",
            "module.networking.aws_iam_instance_profile.ec2",
            "module.networking.aws_iam_role.ec2",
            "module.networking.aws_security_group.devops",
            "module.networking.aws_subnet.public",
            "module.networking.aws_vpc.main",
            "module.networking.data.aws_availability_zones.available"
          ]
        }
      ]
    },
    {
      "module": "module.ingest",
      "mode": "managed",
      "type": "aws_instance",
      "name": "ingest",
      "provider": "provider[\"registry.terraform.io/hashicorp/aws\"]",
      "instances": [
        {
          "schema_version": 1,
          "attributes": {
            "ami": "ami-0ff91eb5c6fe7cc86",
            "arn": "arn:aws:ec2:ap-south-1:771239567939:instance/i-060d9aa701d1cb2e6",
            "associate_public_ip_address": true,
            "availability_zone": "ap-south-1a",
            "capacity_reservation_specification": [
              {
                "capacity_reservation_preference": "open",
                "capacity_reservation_target": []
              }
            ],
            "cpu_core_count": 1,
            "cpu_options": [
              {
                "amd_sev_snp": "",
                "core_count": 1,
                "threads_per_core": 2
              }
            ],
            "cpu_threads_per_core": 2,
            "credit_specification": [
              {
                "cpu_credits": "unlimited"
              }
            ],
            "disable_api_stop": false,
            "disable_api_termination": false,
            "ebs_block_device": [],
            "ebs_optimized": false,
            "enable_primary_ipv6": null,
            "enclave_options": [
              {
                "enabled": false
              }
            ],
            "ephemeral_block_device": [],
            "get_password_data": false,
            "hibernation": false,
            "host_id": "",
            "host_resource_group_arn": null,
            "iam_instance_profile": "dstreambolt-ec2-profile",
            "id": "i-060d9aa701d1cb2e6",
            "instance_initiated_shutdown_behavior": "stop",
            "instance_lifecycle": "",
            "instance_market_options": [],
            "instance_state": "running",
            "instance_type": "t3.micro",
            "ipv6_address_count": 0,
            "ipv6_addresses": [],
            "key_name": "dstreambolt-access-key",
            "launch_template": [],
            "maintenance_options": [
              {
                "auto_recovery": "default"
              }
            ],
            "metadata_options": [
              {
                "http_endpoint": "enabled",
                "http_protocol_ipv6": "disabled",
                "http_put_response_hop_limit": 1,
                "http_tokens": "optional",
                "instance_metadata_tags": "disabled"
              }
            ],
            "monitoring": false,
            "network_interface": [],
            "outpost_arn": "",
            "password_data": "",
            "placement_group": "",
            "placement_partition_number": 0,
            "primary_network_interface_id": "eni-0aa6a203b8a41162a",
            "private_dns": "ip-10-0-1-45.ap-south-1.compute.internal",
            "private_dns_name_options": [
              {
                "enable_resource_name_dns_a_record": false,
                "enable_resource_name_dns_aaaa_record": false,
                "hostname_type": "ip-name"
              }
            ],
            "private_ip": "10.0.1.45",
            "public_dns": "ec2-13-232-206-53.ap-south-1.compute.amazonaws.com",
            "public_ip": "13.232.206.53",
            "root_block_device": [
              {
                "delete_on_termination": true,
                "device_name": "/dev/sda1",
                "encrypted": false,
                "iops": 100,
                "kms_key_id": "",
                "tags": {},
                "tags_all": {},
                "throughput": 0,
                "volume_id": "vol-031f5276e777f2270",
                "volume_size": 8,
                "volume_type": "gp2"
              }
            ],
            "secondary_private_ips": [],
            "security_groups": [],
            "source_dest_check": true,
            "spot_instance_request_id": "",
            "subnet_id": "subnet-0972010fe596215b8",
            "tags": {
              "Name": "dstreambolt-ingest"
            },
            "tags_all": {
              "Name": "dstreambolt-ingest"
            },
            "tenancy": "default",
            "timeouts": null,
            "user_data": "210226be23dbd05d062cb7ae1c9827d856a88d86",
            "user_data_base64": null,
            "user_data_replace_on_change": true,
            "volume_tags": null,
            "vpc_security_group_ids": [
              "sg-0e472465775fa8804"
            ]
          },
          "sensitive_attributes": [
            [
              {
                "type": "get_attr",
                "value": "user_data"
              }
            ]
          ],
          "identity_schema_version": 0,
          "private": "eyJlMmJmYjczMC1lY2FhLTExZTYtOGY4OC0zNDM2M2JjN2M0YzAiOnsiY3JlYXRlIjo2MDAwMDAwMDAwMDAsImRlbGV0ZSI6MTIwMDAwMDAwMDAwMCwicmVhZCI6OTAwMDAwMDAwMDAwLCJ1cGRhdGUiOjYwMDAwMDAwMDAwMH0sInNjaGVtYV92ZXJzaW9uIjoiMSJ9",
          "dependencies": [
            "data.aws_ami.ubuntu",
            "module.devops.aws_instance.devops",
            "module.kafka.aws_instance.kafka",
            "module.networking.aws_iam_instance_profile.ec2",
            "module.networking.aws_iam_role.ec2",
            "module.networking.aws_security_group.alb",
            "module.networking.aws_security_group.devops",
            "module.networking.aws_security_group.ingest",
            "module.networking.aws_security_group.kafka",
            "module.networking.aws_subnet.private",
            "module.networking.aws_subnet.public",
            "module.networking.aws_vpc.main",
            "module.networking.data.aws_availability_zones.available"
          ]
        }
      ]
    },
    {
      "module": "module.ingest",
      "mode": "managed",
      "type": "aws_lb_target_group_attachment",
      "name": "ingest",
      "provider": "provider[\"registry.terraform.io/hashicorp/aws\"]",
      "instances": [
        {
          "schema_version": 0,
          "attributes": {
            "availability_zone": null,
            "id": "arn:aws:elasticloadbalancing:ap-south-1:771239567939:targetgroup/dstreambolt-ingest-tg/e4db612be7d3ba12-20251212105413761400000006",
            "port": 5000,
            "target_group_arn": "arn:aws:elasticloadbalancing:ap-south-1:771239567939:targetgroup/dstreambolt-ingest-tg/e4db612be7d3ba12",
            "target_id": "i-060d9aa701d1cb2e6"
          },
          "sensitive_attributes": [],
          "identity_schema_version": 0,
          "private": "bnVsbA==",
          "dependencies": [
            "data.aws_ami.ubuntu",
            "module.alb.aws_lb_target_group.ingest",
            "module.devops.aws_instance.devops",
            "module.ingest.aws_instance.ingest",
            "module.kafka.aws_instance.kafka",
            "module.networking.aws_iam_instance_profile.ec2",
            "module.networking.aws_iam_role.ec2",
            "module.networking.aws_security_group.alb",
            "module.networking.aws_security_group.devops",
            "module.networking.aws_security_group.ingest",
            "module.networking.aws_security_group.kafka",
            "module.networking.aws_subnet.private",
            "module.networking.aws_subnet.public",
            "module.networking.aws_vpc.main",
            "module.networking.data.aws_availability_zones.available"
          ]
        }
      ]
    },
    {
      "module": "module.kafka",
      "mode": "managed",
      "type": "aws_instance",
      "name": "kafka",
      "provider": "provider[\"registry.terraform.io/hashicorp/aws\"]",
      "instances": [
        {
          "schema_version": 1,
          "attributes": {
            "ami": "ami-0ff91eb5c6fe7cc86",
            "arn": "arn:aws:ec2:ap-south-1:771239567939:instance/i-02b42902e0f5abeea",
            "associate_public_ip_address": false,
            "availability_zone": "ap-south-1a",
            "capacity_reservation_specification": [
              {
                "capacity_reservation_preference": "open",
                "capacity_reservation_target": []
              }
            ],
            "cpu_core_count": 1,
            "cpu_options": [
              {
                "amd_sev_snp": "",
                "core_count": 1,
                "threads_per_core": 2
              }
            ],
            "cpu_threads_per_core": 2,
            "credit_specification": [
              {
                "cpu_credits": "unlimited"
              }
            ],
            "disable_api_stop": false,
            "disable_api_termination": false,
            "ebs_block_device": [],
            "ebs_optimized": false,
            "enable_primary_ipv6": null,
            "enclave_options": [
              {
                "enabled": false
              }
            ],
            "ephemeral_block_device": [],
            "get_password_data": false,
            "hibernation": false,
            "host_id": "",
            "host_resource_group_arn": null,
            "iam_instance_profile": "dstreambolt-ec2-profile",
            "id": "i-02b42902e0f5abeea",
            "instance_initiated_shutdown_behavior": "stop",
            "instance_lifecycle": "",
            "instance_market_options": [],
            "instance_state": "running",
            "instance_type": "t3.micro",
            "ipv6_address_count": 0,
            "ipv6_addresses": [],
            "key_name": "dstreambolt-access-key",
            "launch_template": [],
            "maintenance_options": [
              {
                "auto_recovery": "default"
              }
            ],
            "metadata_options": [
              {
                "http_endpoint": "enabled",
                "http_protocol_ipv6": "disabled",
                "http_put_response_hop_limit": 1,
                "http_tokens": "optional",
                "instance_metadata_tags": "disabled"
              }
            ],
            "monitoring": false,
            "network_interface": [],
            "outpost_arn": "",
            "password_data": "",
            "placement_group": "",
            "placement_partition_number": 0,
            "primary_network_interface_id": "eni-08ed0618cb4c59f50",
            "private_dns": "ip-10-0-10-248.ap-south-1.compute.internal",
            "private_dns_name_options": [
              {
                "enable_resource_name_dns_a_record": false,
                "enable_resource_name_dns_aaaa_record": false,
                "hostname_type": "ip-name"
              }
            ],
            "private_ip": "10.0.10.248",
            "public_dns": "",
            "public_ip": "",
            "root_block_device": [
              {
                "delete_on_termination": true,
                "device_name": "/dev/sda1",
                "encrypted": false,
                "iops": 100,
                "kms_key_id": "",
                "tags": {},
                "tags_all": {},
                "throughput": 0,
                "volume_id": "vol-0191a4fc5761251b2",
                "volume_size": 8,
                "volume_type": "gp2"
              }
            ],
            "secondary_private_ips": [],
            "security_groups": [],
            "source_dest_check": true,
            "spot_instance_request_id": "",
            "subnet_id": "subnet-04e5fc310e6ccbea1",
            "tags": {
              "Name": "dstreambolt-kafka"
            },
            "tags_all": {
              "Name": "dstreambolt-kafka"
            },
            "tenancy": "default",
            "timeouts": null,
            "user_data": "a88d9ba26b2960d6a74e930ce1fdbb417c829a64",
            "user_data_base64": null,
            "user_data_replace_on_change": true,
            "volume_tags": null,
            "vpc_security_group_ids": [
              "sg-0d08b350825be0fb5"
            ]
          },
          "sensitive_attributes": [],
          "identity_schema_version": 0,
          "private": "eyJlMmJmYjczMC1lY2FhLTExZTYtOGY4OC0zNDM2M2JjN2M0YzAiOnsiY3JlYXRlIjo2MDAwMDAwMDAwMDAsImRlbGV0ZSI6MTIwMDAwMDAwMDAwMCwicmVhZCI6OTAwMDAwMDAwMDAwLCJ1cGRhdGUiOjYwMDAwMDAwMDAwMH0sInNjaGVtYV92ZXJzaW9uIjoiMSJ9",
          "dependencies": [
            "data.aws_ami.ubuntu",
            "module.networking.aws_iam_instance_profile.ec2",
            "module.networking.aws_iam_role.ec2",
            "module.networking.aws_security_group.kafka",
            "module.networking.aws_subnet.private",
            "module.networking.aws_vpc.main",
            "module.networking.data.aws_availability_zones.available"
          ]
        }
      ]
    },
    {
      "module": "module.networking",
      "mode": "data",
      "type": "aws_availability_zones",
      "name": "available",
      "provider": "provider[\"registry.terraform.io/hashicorp/aws\"]",
      "instances": [
        {
          "schema_version": 0,
          "attributes": {
            "all_availability_zones": null,
            "exclude_names": null,
            "exclude_zone_ids": null,
            "filter": null,
            "group_names": [
              "ap-south-1-zg-1"
            ],
            "id": "ap-south-1",
            "names": [
              "ap-south-1a",
              "ap-south-1b",
              "ap-south-1c"
            ],
            "state": "available",
            "timeouts": null,
            "zone_ids": [
              "aps1-az1",
              "aps1-az3",
              "aps1-az2"
            ]
          },
          "sensitive_attributes": [],
          "identity_schema_version": 0
        }
      ]
    },
    {
      "module": "module.networking",
      "mode": "managed",
      "type": "aws_eip",
      "name": "nat",
      "provider": "provider[\"registry.terraform.io/hashicorp/aws\"]",
      "instances": [
        {
          "schema_version": 0,
          "attributes": {
            "address": null,
            "allocation_id": "eipalloc-04c2f6cba1987c681",
            "arn": "arn:aws:ec2:ap-south-1:771239567939:elastic-ip/eipalloc-04c2f6cba1987c681",
            "associate_with_private_ip": null,
            "association_id": "eipassoc-0cde799ba56ba6aca",
            "carrier_ip": "",
            "customer_owned_ip": "",
            "customer_owned_ipv4_pool": "",
            "domain": "vpc",
            "id": "eipalloc-04c2f6cba1987c681",
            "instance": "",
            "ipam_pool_id": null,
            "network_border_group": "ap-south-1",
            "network_interface": "eni-0ab259e38be806448",
            "private_dns": "ip-10-0-1-115.ap-south-1.compute.internal",
            "private_ip": "10.0.1.115",
            "ptr_record": "",
            "public_dns": "ec2-3-7-98-230.ap-south-1.compute.amazonaws.com",
            "public_ip": "3.7.98.230",
            "public_ipv4_pool": "amazon",
            "tags": {
              "Name": "dstreambolt-nat-eip"
            },
            "tags_all": {
              "Name": "dstreambolt-nat-eip"
            },
            "timeouts": null,
            "vpc": true
          },
          "sensitive_attributes": [],
          "identity_schema_version": 0,
          "private": "eyJlMmJmYjczMC1lY2FhLTExZTYtOGY4OC0zNDM2M2JjN2M0YzAiOnsiZGVsZXRlIjoxODAwMDAwMDAwMDAsInJlYWQiOjkwMDAwMDAwMDAwMCwidXBkYXRlIjozMDAwMDAwMDAwMDB9fQ=="
        }
      ]
    },
    {
      "module": "module.networking",
      "mode": "managed",
      "type": "aws_iam_instance_profile",
      "name": "ec2",
      "provider": "provider[\"registry.terraform.io/hashicorp/aws\"]",
      "instances": [
        {
          "schema_version": 0,
          "attributes": {
            "arn": "arn:aws:iam::771239567939:instance-profile/dstreambolt-ec2-profile",
            "create_date": "2025-12-05T15:05:44Z",
            "id": "dstreambolt-ec2-profile",
            "name": "dstreambolt-ec2-profile",
            "name_prefix": "",
            "path": "/",
            "role": "dstreambolt-ec2-role",
            "tags": {},
            "tags_all": {},
            "unique_id": "AIPA3HELV4JBSJI3N5COI"
          },
          "sensitive_attributes": [],
          "identity_schema_version": 0,
          "private": "bnVsbA==",
          "dependencies": [
            "module.networking.aws_iam_role.ec2"
          ]
        }
      ]
    },
    {
      "module": "module.networking",
      "mode": "managed",
      "type": "aws_iam_role",
      "name": "ec2",
      "provider": "provider[\"registry.terraform.io/hashicorp/aws\"]",
      "instances": [
        {
          "schema_version": 0,
          "attributes": {
            "arn": "arn:aws:iam::771239567939:role/dstreambolt-ec2-role",
            "assume_role_policy": "{\"Statement\":[{\"Action\":\"sts:AssumeRole\",\"Effect\":\"Allow\",\"Principal\":{\"Service\":\"ec2.amazonaws.com\"}}],\"Version\":\"2012-10-17\"}",
            "create_date": "2025-12-05T15:05:42Z",
            "description": "",
            "force_detach_policies": false,
            "id": "dstreambolt-ec2-role",
            "inline_policy": [
              {
                "name": "DStreamboltSecretsManagerAccess",
                "policy": "{\"Version\":\"2012-10-17\",\"Statement\":[{\"Action\":[\"secretsmanager:ListSecrets\",\"secretsmanager:GetSecretValue\"],\"Effect\":\"Allow\",\"Resource\":\"*\"}]}"
              }
            ],
            "managed_policy_arns": [
              "arn:aws:iam::771239567939:policy/DStreamBoltSecretsAccess",
              "arn:aws:iam::aws:policy/AmazonSSMManagedInstanceCore"
            ],
            "max_session_duration": 3600,
            "name": "dstreambolt-ec2-role",
            "name_prefix": "",
            "path": "/",
            "permissions_boundary": "",
            "tags": {},
            "tags_all": {},
            "unique_id": "AROA3HELV4JB6YFSIVBXN"
          },
          "sensitive_attributes": [],
          "identity_schema_version": 0,
          "private": "bnVsbA=="
        }
      ]
    },
    {
      "module": "module.networking",
      "mode": "managed",
      "type": "aws_iam_role_policy_attachment",
      "name": "ssm",
      "provider": "provider[\"registry.terraform.io/hashicorp/aws\"]",
      "instances": [
        {
          "schema_version": 0,
          "attributes": {
            "id": "dstreambolt-ec2-role-20251205150544980600000001",
            "policy_arn": "arn:aws:iam::aws:policy/AmazonSSMManagedInstanceCore",
            "role": "dstreambolt-ec2-role"
          },
          "sensitive_attributes": [],
          "identity_schema_version": 0,
          "private": "bnVsbA==",
          "dependencies": [
            "module.networking.aws_iam_role.ec2"
          ]
        }
      ]
    },
    {
      "module": "module.networking",
      "mode": "managed",
      "type": "aws_internet_gateway",
      "name": "main",
      "provider": "provider[\"registry.terraform.io/hashicorp/aws\"]",
      "instances": [
        {
          "schema_version": 0,
          "attributes": {
            "arn": "arn:aws:ec2:ap-south-1:771239567939:internet-gateway/igw-06ef28d039029a247",
            "id": "igw-06ef28d039029a247",
            "owner_id": "771239567939",
            "tags": {
              "Name": "dstreambolt-igw"
            },
            "tags_all": {
              "Name": "dstreambolt-igw"
            },
            "timeouts": null,
            "vpc_id": "vpc-0bcc1fd8fd257748a"
          },
          "sensitive_attributes": [],
          "identity_schema_version": 0,
          "private": "eyJlMmJmYjczMC1lY2FhLTExZTYtOGY4OC0zNDM2M2JjN2M0YzAiOnsiY3JlYXRlIjoxMjAwMDAwMDAwMDAwLCJkZWxldGUiOjEyMDAwMDAwMDAwMDAsInVwZGF0ZSI6MTIwMDAwMDAwMDAwMH19",
          "dependencies": [
            "module.networking.aws_vpc.main"
          ]
        }
      ]
    },
    {
      "module": "module.networking",
      "mode": "managed",
      "type": "aws_nat_gateway",
      "name": "main",
      "provider": "provider[\"registry.terraform.io/hashicorp/aws\"]",
      "instances": [
        {
          "schema_version": 0,
          "attributes": {
            "allocation_id": "eipalloc-04c2f6cba1987c681",
            "association_id": "eipassoc-0cde799ba56ba6aca",
            "connectivity_type": "public",
            "id": "nat-02d6fe91b9c46b8a2",
            "network_interface_id": "eni-0ab259e38be806448",
            "private_ip": "10.0.1.115",
            "public_ip": "3.7.98.230",
            "secondary_allocation_ids": [],
            "secondary_private_ip_address_count": 0,
            "secondary_private_ip_addresses": [],
            "subnet_id": "subnet-0972010fe596215b8",
            "tags": {
              "Name": "dstreambolt-nat"
            },
            "tags_all": {
              "Name": "dstreambolt-nat"
            },
            "timeouts": null
          },
          "sensitive_attributes": [],
          "identity_schema_version": 0,
          "private": "eyJlMmJmYjczMC1lY2FhLTExZTYtOGY4OC0zNDM2M2JjN2M0YzAiOnsiY3JlYXRlIjo2MDAwMDAwMDAwMDAsImRlbGV0ZSI6MTgwMDAwMDAwMDAwMCwidXBkYXRlIjo2MDAwMDAwMDAwMDB9fQ==",
          "dependencies": [
            "module.networking.aws_eip.nat",
            "module.networking.aws_internet_gateway.main",
            "module.networking.aws_subnet.public",
            "module.networking.aws_vpc.main",
            "module.networking.data.aws_availability_zones.available"
          ]
        }
      ]
    },
    {
      "module": "module.networking",
      "mode": "managed",
      "type": "aws_route_table",
      "name": "private",
      "provider": "provider[\"registry.terraform.io/hashicorp/aws\"]",
      "instances": [
        {
          "schema_version": 0,
          "attributes": {
            "arn": "arn:aws:ec2:ap-south-1:771239567939:route-table/rtb-035842ff8fc59d2b6",
            "id": "rtb-035842ff8fc59d2b6",
            "owner_id": "771239567939",
            "propagating_vgws": [],
            "route": [
              {
                "carrier_gateway_id": "",
                "cidr_block": "0.0.0.0/0",
                "core_network_arn": "",
                "destination_prefix_list_id": "",
                "egress_only_gateway_id": "",
                "gateway_id": "",
                "ipv6_cidr_block": "",
                "local_gateway_id": "",
                "nat_gateway_id": "nat-02d6fe91b9c46b8a2",
                "network_interface_id": "",
                "transit_gateway_id": "",
                "vpc_endpoint_id": "",
                "vpc_peering_connection_id": ""
              }
            ],
            "tags": {
              "Name": "dstreambolt-private-rt"
            },
            "tags_all": {
              "Name": "dstreambolt-private-rt"
            },
            "timeouts": null,
            "vpc_id": "vpc-0bcc1fd8fd257748a"
          },
          "sensitive_attributes": [],
          "identity_schema_version": 0,
          "private": "eyJlMmJmYjczMC1lY2FhLTExZTYtOGY4OC0zNDM2M2JjN2M0YzAiOnsiY3JlYXRlIjozMDAwMDAwMDAwMDAsImRlbGV0ZSI6MzAwMDAwMDAwMDAwLCJ1cGRhdGUiOjEyMDAwMDAwMDAwMH19",
          "dependencies": [
            "module.networking.aws_eip.nat",
            "module.networking.aws_internet_gateway.main",
            "module.networking.aws_nat_gateway.main",
            "module.networking.aws_subnet.public",
            "module.networking.aws_vpc.main",
            "module.networking.data.aws_availability_zones.available"
          ]
        }
      ]
    },
    {
      "module": "module.networking",
      "mode": "managed",
      "type": "aws_route_table",
      "name": "public",
      "provider": "provider[\"registry.terraform.io/hashicorp/aws\"]",
      "instances": [
        {
          "schema_version": 0,
          "attributes": {
            "arn": "arn:aws:ec2:ap-south-1:771239567939:route-table/rtb-00aae53a3000c1ad2",
            "id": "rtb-00aae53a3000c1ad2",
            "owner_id": "771239567939",
            "propagating_vgws": [],
            "route": [
              {
                "carrier_gateway_id": "",
                "cidr_block": "0.0.0.0/0",
                "core_network_arn": "",
                "destination_prefix_list_id": "",
                "egress_only_gateway_id": "",
                "gateway_id": "igw-06ef28d039029a247",
                "ipv6_cidr_block": "",
                "local_gateway_id": "",
                "nat_gateway_id": "",
                "network_interface_id": "",
                "transit_gateway_id": "",
                "vpc_endpoint_id": "",
                "vpc_peering_connection_id": ""
              }
            ],
            "tags": {
              "Name": "dstreambolt-public-rt"
            },
            "tags_all": {
              "Name": "dstreambolt-public-rt"
            },
            "timeouts": null,
            "vpc_id": "vpc-0bcc1fd8fd257748a"
          },
          "sensitive_attributes": [],
          "identity_schema_version": 0,
          "private": "eyJlMmJmYjczMC1lY2FhLTExZTYtOGY4OC0zNDM2M2JjN2M0YzAiOnsiY3JlYXRlIjozMDAwMDAwMDAwMDAsImRlbGV0ZSI6MzAwMDAwMDAwMDAwLCJ1cGRhdGUiOjEyMDAwMDAwMDAwMH19",
          "dependencies": [
            "module.networking.aws_internet_gateway.main",
            "module.networking.aws_vpc.main"
          ]
        }
      ]
    },
    {
      "module": "module.networking",
      "mode": "managed",
      "type": "aws_route_table_association",
      "name": "private",
      "provider": "provider[\"registry.terraform.io/hashicorp/aws\"]",
      "instances": [
        {
          "index_key": 0,
          "schema_version": 0,
          "attributes": {
            "gateway_id": "",
            "id": "rtbassoc-03be768cd0502dd6b",
            "route_table_id": "rtb-035842ff8fc59d2b6",
            "subnet_id": "subnet-04e5fc310e6ccbea1",
            "timeouts": null
          },
          "sensitive_attributes": [],
          "identity_schema_version": 0,
          "private": "eyJlMmJmYjczMC1lY2FhLTExZTYtOGY4OC0zNDM2M2JjN2M0YzAiOnsiY3JlYXRlIjozMDAwMDAwMDAwMDAsImRlbGV0ZSI6MzAwMDAwMDAwMDAwLCJ1cGRhdGUiOjEyMDAwMDAwMDAwMH19",
          "dependencies": [
            "module.networking.aws_eip.nat",
            "module.networking.aws_internet_gateway.main",
            "module.networking.aws_nat_gateway.main",
            "module.networking.aws_route_table.private",
            "module.networking.aws_subnet.private",
            "module.networking.aws_subnet.public",
            "module.networking.aws_vpc.main",
            "module.networking.data.aws_availability_zones.available"
          ]
        },
        {
          "index_key": 1,
          "schema_version": 0,
          "attributes": {
            "gateway_id": "",
            "id": "rtbassoc-0600ecb229377f809",
            "route_table_id": "rtb-035842ff8fc59d2b6",
            "subnet_id": "subnet-0eb5f2298ac0a7df6",
            "timeouts": null
          },
          "sensitive_attributes": [],
          "identity_schema_version": 0,
          "private": "eyJlMmJmYjczMC1lY2FhLTExZTYtOGY4OC0zNDM2M2JjN2M0YzAiOnsiY3JlYXRlIjozMDAwMDAwMDAwMDAsImRlbGV0ZSI6MzAwMDAwMDAwMDAwLCJ1cGRhdGUiOjEyMDAwMDAwMDAwMH19",
          "dependencies": [
            "module.networking.aws_eip.nat",
            "module.networking.aws_internet_gateway.main",
            "module.networking.aws_nat_gateway.main",
            "module.networking.aws_route_table.private",
            "module.networking.aws_subnet.private",
            "module.networking.aws_subnet.public",
            "module.networking.aws_vpc.main",
            "module.networking.data.aws_availability_zones.available"
          ]
        }
      ]
    },
    {
      "module": "module.networking",
      "mode": "managed",
      "type": "aws_route_table_association",
      "name": "public",
      "provider": "provider[\"registry.terraform.io/hashicorp/aws\"]",
      "instances": [
        {
          "index_key": 0,
          "schema_version": 0,
          "attributes": {
            "gateway_id": "",
            "id": "rtbassoc-0079f2656637e0bc6",
            "route_table_id": "rtb-00aae53a3000c1ad2",
            "subnet_id": "subnet-0972010fe596215b8",
            "timeouts": null
          },
          "sensitive_attributes": [],
          "identity_schema_version": 0,
          "private": "eyJlMmJmYjczMC1lY2FhLTExZTYtOGY4OC0zNDM2M2JjN2M0YzAiOnsiY3JlYXRlIjozMDAwMDAwMDAwMDAsImRlbGV0ZSI6MzAwMDAwMDAwMDAwLCJ1cGRhdGUiOjEyMDAwMDAwMDAwMH19",
          "dependencies": [
            "module.networking.aws_internet_gateway.main",
            "module.networking.aws_route_table.public",
            "module.networking.aws_subnet.public",
            "module.networking.aws_vpc.main",
            "module.networking.data.aws_availability_zones.available"
          ]
        },
        {
          "index_key": 1,
          "schema_version": 0,
          "attributes": {
            "gateway_id": "",
            "id": "rtbassoc-0635f8ac6d00bb7ce",
            "route_table_id": "rtb-00aae53a3000c1ad2",
            "subnet_id": "subnet-0643949f8977b551e",
            "timeouts": null
          },
          "sensitive_attributes": [],
          "identity_schema_version": 0,
          "private": "eyJlMmJmYjczMC1lY2FhLTExZTYtOGY4OC0zNDM2M2JjN2M0YzAiOnsiY3JlYXRlIjozMDAwMDAwMDAwMDAsImRlbGV0ZSI6MzAwMDAwMDAwMDAwLCJ1cGRhdGUiOjEyMDAwMDAwMDAwMH19",
          "dependencies": [
            "module.networking.aws_internet_gateway.main",
            "module.networking.aws_route_table.public",
            "module.networking.aws_subnet.public",
            "module.networking.aws_vpc.main",
            "module.networking.data.aws_availability_zones.available"
          ]
        }
      ]
    },
    {
      "module": "module.networking",
      "mode": "managed",
      "type": "aws_security_group",
      "name": "alb",
      "provider": "provider[\"registry.terraform.io/hashicorp/aws\"]",
      "instances": [
        {
          "schema_version": 1,
          "attributes": {
            "arn": "arn:aws:ec2:ap-south-1:771239567939:security-group/sg-0543da3cf35ff7724",
            "description": "Security group for ALB",
            "egress": [
              {
                "cidr_blocks": [
                  "0.0.0.0/0"
                ],
                "description": "",
                "from_port": 0,
                "ipv6_cidr_blocks": [],
                "prefix_list_ids": [],
                "protocol": "-1",
                "security_groups": [],
                "self": false,
                "to_port": 0
              }
            ],
            "id": "sg-0543da3cf35ff7724",
            "ingress": [
              {
                "cidr_blocks": [
                  "0.0.0.0/0"
                ],
                "description": "",
                "from_port": 443,
                "ipv6_cidr_blocks": [],
                "prefix_list_ids": [],
                "protocol": "tcp",
                "security_groups": [],
                "self": false,
                "to_port": 443
              },
              {
                "cidr_blocks": [
                  "0.0.0.0/0"
                ],
                "description": "",
                "from_port": 80,
                "ipv6_cidr_blocks": [],
                "prefix_list_ids": [],
                "protocol": "tcp",
                "security_groups": [],
                "self": false,
                "to_port": 80
              }
            ],
            "name": "dstreambolt-alb-sg",
            "name_prefix": "",
            "owner_id": "771239567939",
            "revoke_rules_on_delete": false,
            "tags": {
              "Name": "dstreambolt-alb-sg"
            },
            "tags_all": {
              "Name": "dstreambolt-alb-sg"
            },
            "timeouts": null,
            "vpc_id": "vpc-0bcc1fd8fd257748a"
          },
          "sensitive_attributes": [],
          "identity_schema_version": 0,
          "private": "eyJlMmJmYjczMC1lY2FhLTExZTYtOGY4OC0zNDM2M2JjN2M0YzAiOnsiY3JlYXRlIjo2MDAwMDAwMDAwMDAsImRlbGV0ZSI6OTAwMDAwMDAwMDAwfSwic2NoZW1hX3ZlcnNpb24iOiIxIn0=",
          "dependencies": [
            "module.networking.aws_vpc.main"
          ]
        }
      ]
    },
    {
      "module": "module.networking",
      "mode": "managed",
      "type": "aws_security_group",
      "name": "compute",
      "provider": "provider[\"registry.terraform.io/hashicorp/aws\"]",
      "instances": [
        {
          "schema_version": 1,
          "attributes": {
            "arn": "arn:aws:ec2:ap-south-1:771239567939:security-group/sg-040a0ba61156177d3",
            "description": "Spark Compute security group",
            "egress": [
              {
                "cidr_blocks": [
                  "0.0.0.0/0"
                ],
                "description": "",
                "from_port": 0,
                "ipv6_cidr_blocks": [],
                "prefix_list_ids": [],
                "protocol": "-1",
                "security_groups": [],
                "self": false,
                "to_port": 0
              }
            ],
            "id": "sg-040a0ba61156177d3",
            "ingress": [
              {
                "cidr_blocks": [
                  "0.0.0.0/0"
                ],
                "description": "",
                "from_port": 18080,
                "ipv6_cidr_blocks": [],
                "prefix_list_ids": [],
                "protocol": "tcp",
                "security_groups": [],
                "self": false,
                "to_port": 18080
              },
              {
                "cidr_blocks": [
                  "0.0.0.0/0"
                ],
                "description": "",
                "from_port": 22,
                "ipv6_cidr_blocks": [],
                "prefix_list_ids": [],
                "protocol": "tcp",
                "security_groups": [],
                "self": false,
                "to_port": 22
              },
              {
                "cidr_blocks": [
                  "0.0.0.0/0"
                ],
                "description": "",
                "from_port": 8080,
                "ipv6_cidr_blocks": [],
                "prefix_list_ids": [],
                "protocol": "tcp",
                "security_groups": [],
                "self": false,
                "to_port": 8081
              },
              {
                "cidr_blocks": [
                  "10.0.0.0/16"
                ],
                "description": "",
                "from_port": 7077,
                "ipv6_cidr_blocks": [],
                "prefix_list_ids": [],
                "protocol": "tcp",
                "security_groups": [],
                "self": false,
                "to_port": 7077
              },
              {
                "cidr_blocks": [
                  "10.0.0.0/16"
                ],
                "description": "Allow all TCP within VPC",
                "from_port": 0,
                "ipv6_cidr_blocks": [],
                "prefix_list_ids": [],
                "protocol": "tcp",
                "security_groups": [],
                "self": false,
                "to_port": 65535
              },
              {
                "cidr_blocks": [
                  "10.0.0.0/16"
                ],
                "description": "Allow all UDP within VPC",
                "from_port": 0,
                "ipv6_cidr_blocks": [],
                "prefix_list_ids": [],
                "protocol": "udp",
                "security_groups": [],
                "self": false,
                "to_port": 65535
              },
              {
                "cidr_blocks": [
                  "10.0.0.0/16"
                ],
                "description": "Allow ping within VPC",
                "from_port": -1,
                "ipv6_cidr_blocks": [],
                "prefix_list_ids": [],
                "protocol": "icmp",
                "security_groups": [],
                "self": false,
                "to_port": -1
              },
              {
                "cidr_blocks": [],
                "description": "",
                "from_port": 0,
                "ipv6_cidr_blocks": [],
                "prefix_list_ids": [],
                "protocol": "-1",
                "security_groups": [],
                "self": true,
                "to_port": 0
              }
            ],
            "name": "dstreambolt-compute-sg",
            "name_prefix": "",
            "owner_id": "771239567939",
            "revoke_rules_on_delete": false,
            "tags": {
              "Name": "dstreambolt-compute-sg"
            },
            "tags_all": {
              "Name": "dstreambolt-compute-sg"
            },
            "timeouts": null,
            "vpc_id": "vpc-0bcc1fd8fd257748a"
          },
          "sensitive_attributes": [],
          "identity_schema_version": 0,
          "private": "eyJlMmJmYjczMC1lY2FhLTExZTYtOGY4OC0zNDM2M2JjN2M0YzAiOnsiY3JlYXRlIjo2MDAwMDAwMDAwMDAsImRlbGV0ZSI6OTAwMDAwMDAwMDAwfSwic2NoZW1hX3ZlcnNpb24iOiIxIn0=",
          "dependencies": [
            "module.networking.aws_vpc.main"
          ]
        }
      ]
    },
    {
      "module": "module.networking",
      "mode": "managed",
      "type": "aws_security_group",
      "name": "devops",
      "provider": "provider[\"registry.terraform.io/hashicorp/aws\"]",
      "instances": [
        {
          "schema_version": 1,
          "attributes": {
            "arn": "arn:aws:ec2:ap-south-1:771239567939:security-group/sg-0fa99a04e0104263f",
            "description": "DevOps instance security group",
            "egress": [
              {
                "cidr_blocks": [
                  "0.0.0.0/0"
                ],
                "description": "",
                "from_port": 0,
                "ipv6_cidr_blocks": [],
                "prefix_list_ids": [],
                "protocol": "-1",
                "security_groups": [],
                "self": false,
                "to_port": 0
              }
            ],
            "id": "sg-0fa99a04e0104263f",
            "ingress": [
              {
                "cidr_blocks": [
                  "0.0.0.0/0"
                ],
                "description": "",
                "from_port": 22,
                "ipv6_cidr_blocks": [],
                "prefix_list_ids": [],
                "protocol": "tcp",
                "security_groups": [],
                "self": false,
                "to_port": 22
              },
              {
                "cidr_blocks": [
                  "0.0.0.0/0"
                ],
                "description": "",
                "from_port": 80,
                "ipv6_cidr_blocks": [],
                "prefix_list_ids": [],
                "protocol": "tcp",
                "security_groups": [],
                "self": false,
                "to_port": 80
              },
              {
                "cidr_blocks": [
                  "0.0.0.0/0"
                ],
                "description": "",
                "from_port": 9000,
                "ipv6_cidr_blocks": [],
                "prefix_list_ids": [],
                "protocol": "tcp",
                "security_groups": [],
                "self": false,
                "to_port": 9000
              },
              {
                "cidr_blocks": [
                  "0.0.0.0/0"
                ],
                "description": "Grafana",
                "from_port": 3000,
                "ipv6_cidr_blocks": [],
                "prefix_list_ids": [],
                "protocol": "tcp",
                "security_groups": [],
                "self": false,
                "to_port": 3000
              },
              {
                "cidr_blocks": [
                  "0.0.0.0/0"
                ],
                "description": "Jenkins and AKHQ",
                "from_port": 8080,
                "ipv6_cidr_blocks": [],
                "prefix_list_ids": [],
                "protocol": "tcp",
                "security_groups": [],
                "self": false,
                "to_port": 8081
              },
              {
                "cidr_blocks": [
                  "10.0.0.0/16"
                ],
                "description": "",
                "from_port": 3306,
                "ipv6_cidr_blocks": [],
                "prefix_list_ids": [],
                "protocol": "tcp",
                "security_groups": [],
                "self": false,
                "to_port": 3306
              },
              {
                "cidr_blocks": [
                  "10.0.0.0/16"
                ],
                "description": "Allow all TCP within VPC",
                "from_port": 0,
                "ipv6_cidr_blocks": [],
                "prefix_list_ids": [],
                "protocol": "tcp",
                "security_groups": [],
                "self": false,
                "to_port": 65535
              },
              {
                "cidr_blocks": [
                  "10.0.0.0/16"
                ],
                "description": "Allow all UDP within VPC",
                "from_port": 0,
                "ipv6_cidr_blocks": [],
                "prefix_list_ids": [],
                "protocol": "udp",
                "security_groups": [],
                "self": false,
                "to_port": 65535
              },
              {
                "cidr_blocks": [
                  "10.0.0.0/16"
                ],
                "description": "Allow ping within VPC",
                "from_port": -1,
                "ipv6_cidr_blocks": [],
                "prefix_list_ids": [],
                "protocol": "icmp",
                "security_groups": [],
                "self": false,
                "to_port": -1
              }
            ],
            "name": "dstreambolt-devops-sg",
            "name_prefix": "",
            "owner_id": "771239567939",
            "revoke_rules_on_delete": false,
            "tags": {
              "Name": "dstreambolt-devops-sg"
            },
            "tags_all": {
              "Name": "dstreambolt-devops-sg"
            },
            "timeouts": null,
            "vpc_id": "vpc-0bcc1fd8fd257748a"
          },
          "sensitive_attributes": [],
          "identity_schema_version": 0,
          "private": "eyJlMmJmYjczMC1lY2FhLTExZTYtOGY4OC0zNDM2M2JjN2M0YzAiOnsiY3JlYXRlIjo2MDAwMDAwMDAwMDAsImRlbGV0ZSI6OTAwMDAwMDAwMDAwfSwic2NoZW1hX3ZlcnNpb24iOiIxIn0=",
          "dependencies": [
            "module.networking.aws_vpc.main"
          ]
        }
      ]
    },
    {
      "module": "module.networking",
      "mode": "managed",
      "type": "aws_security_group",
      "name": "ingest",
      "provider": "provider[\"registry.terraform.io/hashicorp/aws\"]",
      "instances": [
        {
          "schema_version": 1,
          "attributes": {
            "arn": "arn:aws:ec2:ap-south-1:771239567939:security-group/sg-0e472465775fa8804",
            "description": "Ingestion Instance security group",
            "egress": [
              {
                "cidr_blocks": [
                  "0.0.0.0/0"
                ],
                "description": "",
                "from_port": 0,
                "ipv6_cidr_blocks": [],
                "prefix_list_ids": [],
                "protocol": "-1",
                "security_groups": [],
                "self": false,
                "to_port": 0
              }
            ],
            "id": "sg-0e472465775fa8804",
            "ingress": [
              {
                "cidr_blocks": [
                  "0.0.0.0/0"
                ],
                "description": "",
                "from_port": 22,
                "ipv6_cidr_blocks": [],
                "prefix_list_ids": [],
                "protocol": "tcp",
                "security_groups": [],
                "self": false,
                "to_port": 22
              },
              {
                "cidr_blocks": [
                  "10.0.0.0/16"
                ],
                "description": "",
                "from_port": 5000,
                "ipv6_cidr_blocks": [],
                "prefix_list_ids": [],
                "protocol": "tcp",
                "security_groups": [],
                "self": false,
                "to_port": 5000
              },
              {
                "cidr_blocks": [],
                "description": "",
                "from_port": 5000,
                "ipv6_cidr_blocks": [],
                "prefix_list_ids": [],
                "protocol": "tcp",
                "security_groups": [
                  "sg-0543da3cf35ff7724"
                ],
                "self": false,
                "to_port": 5000
              }
            ],
            "name": "dstreambolt-ingest-sg",
            "name_prefix": "",
            "owner_id": "771239567939",
            "revoke_rules_on_delete": false,
            "tags": {
              "Name": "dstreambolt-ingest-sg"
            },
            "tags_all": {
              "Name": "dstreambolt-ingest-sg"
            },
            "timeouts": null,
            "vpc_id": "vpc-0bcc1fd8fd257748a"
          },
          "sensitive_attributes": [],
          "identity_schema_version": 0,
          "private": "eyJlMmJmYjczMC1lY2FhLTExZTYtOGY4OC0zNDM2M2JjN2M0YzAiOnsiY3JlYXRlIjo2MDAwMDAwMDAwMDAsImRlbGV0ZSI6OTAwMDAwMDAwMDAwfSwic2NoZW1hX3ZlcnNpb24iOiIxIn0=",
          "dependencies": [
            "module.networking.aws_security_group.alb",
            "module.networking.aws_vpc.main"
          ]
        }
      ]
    },
    {
      "module": "module.networking",
      "mode": "managed",
      "type": "aws_security_group",
      "name": "kafka",
      "provider": "provider[\"registry.terraform.io/hashicorp/aws\"]",
      "instances": [
        {
          "schema_version": 1,
          "attributes": {
            "arn": "arn:aws:ec2:ap-south-1:771239567939:security-group/sg-0d08b350825be0fb5",
            "description": "Kafka security group - private access only",
            "egress": [
              {
                "cidr_blocks": [
                  "0.0.0.0/0"
                ],
                "description": "",
                "from_port": 0,
                "ipv6_cidr_blocks": [],
                "prefix_list_ids": [],
                "protocol": "-1",
                "security_groups": [],
                "self": false,
                "to_port": 0
              }
            ],
            "id": "sg-0d08b350825be0fb5",
            "ingress": [
              {
                "cidr_blocks": [
                  "10.0.0.0/16"
                ],
                "description": "",
                "from_port": 2181,
                "ipv6_cidr_blocks": [],
                "prefix_list_ids": [],
                "protocol": "tcp",
                "security_groups": [],
                "self": false,
                "to_port": 2181
              },
              {
                "cidr_blocks": [
                  "10.0.0.0/16"
                ],
                "description": "",
                "from_port": 22,
                "ipv6_cidr_blocks": [],
                "prefix_list_ids": [],
                "protocol": "tcp",
                "security_groups": [],
                "self": false,
                "to_port": 22
              },
              {
                "cidr_blocks": [
                  "10.0.0.0/16"
                ],
                "description": "",
                "from_port": 9092,
                "ipv6_cidr_blocks": [],
                "prefix_list_ids": [],
                "protocol": "tcp",
                "security_groups": [],
                "self": false,
                "to_port": 9092
              }
            ],
            "name": "dstreambolt-kafka-sg",
            "name_prefix": "",
            "owner_id": "771239567939",
            "revoke_rules_on_delete": false,
            "tags": {
              "Name": "dstreambolt-kafka-sg"
            },
            "tags_all": {
              "Name": "dstreambolt-kafka-sg"
            },
            "timeouts": null,
            "vpc_id": "vpc-0bcc1fd8fd257748a"
          },
          "sensitive_attributes": [],
          "identity_schema_version": 0,
          "private": "eyJlMmJmYjczMC1lY2FhLTExZTYtOGY4OC0zNDM2M2JjN2M0YzAiOnsiY3JlYXRlIjo2MDAwMDAwMDAwMDAsImRlbGV0ZSI6OTAwMDAwMDAwMDAwfSwic2NoZW1hX3ZlcnNpb24iOiIxIn0=",
          "dependencies": [
            "module.networking.aws_vpc.main"
          ]
        }
      ]
    },
    {
      "module": "module.networking",
      "mode": "managed",
      "type": "aws_subnet",
      "name": "private",
      "provider": "provider[\"registry.terraform.io/hashicorp/aws\"]",
      "instances": [
        {
          "index_key": 0,
          "schema_version": 1,
          "attributes": {
            "arn": "arn:aws:ec2:ap-south-1:771239567939:subnet/subnet-04e5fc310e6ccbea1",
            "assign_ipv6_address_on_creation": false,
            "availability_zone": "ap-south-1a",
            "availability_zone_id": "aps1-az1",
            "cidr_block": "10.0.10.0/24",
            "customer_owned_ipv4_pool": "",
            "enable_dns64": false,
            "enable_lni_at_device_index": 0,
            "enable_resource_name_dns_a_record_on_launch": false,
            "enable_resource_name_dns_aaaa_record_on_launch": false,
            "id": "subnet-04e5fc310e6ccbea1",
            "ipv6_cidr_block": "",
            "ipv6_cidr_block_association_id": "",
            "ipv6_native": false,
            "map_customer_owned_ip_on_launch": false,
            "map_public_ip_on_launch": false,
            "outpost_arn": "",
            "owner_id": "771239567939",
            "private_dns_hostname_type_on_launch": "ip-name",
            "tags": {
              "Name": "dstreambolt-private-1"
            },
            "tags_all": {
              "Name": "dstreambolt-private-1"
            },
            "timeouts": null,
            "vpc_id": "vpc-0bcc1fd8fd257748a"
          },
          "sensitive_attributes": [],
          "identity_schema_version": 0,
          "private": "eyJlMmJmYjczMC1lY2FhLTExZTYtOGY4OC0zNDM2M2JjN2M0YzAiOnsiY3JlYXRlIjo2MDAwMDAwMDAwMDAsImRlbGV0ZSI6MTIwMDAwMDAwMDAwMH0sInNjaGVtYV92ZXJzaW9uIjoiMSJ9",
          "dependencies": [
            "module.networking.aws_vpc.main",
            "module.networking.data.aws_availability_zones.available"
          ]
        },
        {
          "index_key": 1,
          "schema_version": 1,
          "attributes": {
            "arn": "arn:aws:ec2:ap-south-1:771239567939:subnet/subnet-0eb5f2298ac0a7df6",
            "assign_ipv6_address_on_creation": false,
            "availability_zone": "ap-south-1b",
            "availability_zone_id": "aps1-az3",
            "cidr_block": "10.0.11.0/24",
            "customer_owned_ipv4_pool": "",
            "enable_dns64": false,
            "enable_lni_at_device_index": 0,
            "enable_resource_name_dns_a_record_on_launch": false,
            "enable_resource_name_dns_aaaa_record_on_launch": false,
            "id": "subnet-0eb5f2298ac0a7df6",
            "ipv6_cidr_block": "",
            "ipv6_cidr_block_association_id": "",
            "ipv6_native": false,
            "map_customer_owned_ip_on_launch": false,
            "map_public_ip_on_launch": false,
            "outpost_arn": "",
            "owner_id": "771239567939",
            "private_dns_hostname_type_on_launch": "ip-name",
            "tags": {
              "Name": "dstreambolt-private-2"
            },
            "tags_all": {
              "Name": "dstreambolt-private-2"
            },
            "timeouts": null,
            "vpc_id": "vpc-0bcc1fd8fd257748a"
          },
          "sensitive_attributes": [],
          "identity_schema_version": 0,
          "private": "eyJlMmJmYjczMC1lY2FhLTExZTYtOGY4OC0zNDM2M2JjN2M0YzAiOnsiY3JlYXRlIjo2MDAwMDAwMDAwMDAsImRlbGV0ZSI6MTIwMDAwMDAwMDAwMH0sInNjaGVtYV92ZXJzaW9uIjoiMSJ9",
          "dependencies": [
            "module.networking.aws_vpc.main",
            "module.networking.data.aws_availability_zones.available"
          ]
        }
      ]
    },
    {
      "module": "module.networking",
      "mode": "managed",
      "type": "aws_subnet",
      "name": "public",
      "provider": "provider[\"registry.terraform.io/hashicorp/aws\"]",
      "instances": [
        {
          "index_key": 0,
          "schema_version": 1,
          "attributes": {
            "arn": "arn:aws:ec2:ap-south-1:771239567939:subnet/subnet-0972010fe596215b8",
            "assign_ipv6_address_on_creation": false,
            "availability_zone": "ap-south-1a",
            "availability_zone_id": "aps1-az1",
            "cidr_block": "10.0.1.0/24",
            "customer_owned_ipv4_pool": "",
            "enable_dns64": false,
            "enable_lni_at_device_index": 0,
            "enable_resource_name_dns_a_record_on_launch": false,
            "enable_resource_name_dns_aaaa_record_on_launch": false,
            "id": "subnet-0972010fe596215b8",
            "ipv6_cidr_block": "",
            "ipv6_cidr_block_association_id": "",
            "ipv6_native": false,
            "map_customer_owned_ip_on_launch": false,
            "map_public_ip_on_launch": true,
            "outpost_arn": "",
            "owner_id": "771239567939",
            "private_dns_hostname_type_on_launch": "ip-name",
            "tags": {
              "Name": "dstreambolt-public-1"
            },
            "tags_all": {
              "Name": "dstreambolt-public-1"
            },
            "timeouts": null,
            "vpc_id": "vpc-0bcc1fd8fd257748a"
          },
          "sensitive_attributes": [],
          "identity_schema_version": 0,
          "private": "eyJlMmJmYjczMC1lY2FhLTExZTYtOGY4OC0zNDM2M2JjN2M0YzAiOnsiY3JlYXRlIjo2MDAwMDAwMDAwMDAsImRlbGV0ZSI6MTIwMDAwMDAwMDAwMH0sInNjaGVtYV92ZXJzaW9uIjoiMSJ9",
          "dependencies": [
            "module.networking.aws_vpc.main",
            "module.networking.data.aws_availability_zones.available"
          ]
        },
        {
          "index_key": 1,
          "schema_version": 1,
          "attributes": {
            "arn": "arn:aws:ec2:ap-south-1:771239567939:subnet/subnet-0643949f8977b551e",
            "assign_ipv6_address_on_creation": false,
            "availability_zone": "ap-south-1b",
            "availability_zone_id": "aps1-az3",
            "cidr_block": "10.0.2.0/24",
            "customer_owned_ipv4_pool": "",
            "enable_dns64": false,
            "enable_lni_at_device_index": 0,
            "enable_resource_name_dns_a_record_on_launch": false,
            "enable_resource_name_dns_aaaa_record_on_launch": false,
            "id": "subnet-0643949f8977b551e",
            "ipv6_cidr_block": "",
            "ipv6_cidr_block_association_id": "",
            "ipv6_native": false,
            "map_customer_owned_ip_on_launch": false,
            "map_public_ip_on_launch": true,
            "outpost_arn": "",
            "owner_id": "771239567939",
            "private_dns_hostname_type_on_launch": "ip-name",
            "tags": {
              "Name": "dstreambolt-public-2"
            },
            "tags_all": {
              "Name": "dstreambolt-public-2"
            },
            "timeouts": null,
            "vpc_id": "vpc-0bcc1fd8fd257748a"
          },
          "sensitive_attributes": [],
          "identity_schema_version": 0,
          "private": "eyJlMmJmYjczMC1lY2FhLTExZTYtOGY4OC0zNDM2M2JjN2M0YzAiOnsiY3JlYXRlIjo2MDAwMDAwMDAwMDAsImRlbGV0ZSI6MTIwMDAwMDAwMDAwMH0sInNjaGVtYV92ZXJzaW9uIjoiMSJ9",
          "dependencies": [
            "module.networking.aws_vpc.main",
            "module.networking.data.aws_availability_zones.available"
          ]
        }
      ]
    },
    {
      "module": "module.networking",
      "mode": "managed",
      "type": "aws_vpc",
      "name": "main",
      "provider": "provider[\"registry.terraform.io/hashicorp/aws\"]",
      "instances": [
        {
          "schema_version": 1,
          "attributes": {
            "arn": "arn:aws:ec2:ap-south-1:771239567939:vpc/vpc-0bcc1fd8fd257748a",
            "assign_generated_ipv6_cidr_block": false,
            "cidr_block": "10.0.0.0/16",
            "default_network_acl_id": "acl-0d0f3c63f9b4bbdf4",
            "default_route_table_id": "rtb-00a9a50ed1b1d2a51",
            "default_security_group_id": "sg-0521b1eafce0f72c3",
            "dhcp_options_id": "dopt-0b8fd3b86a893caf3",
            "enable_dns_hostnames": true,
            "enable_dns_support": true,
            "enable_network_address_usage_metrics": false,
            "id": "vpc-0bcc1fd8fd257748a",
            "instance_tenancy": "default",
            "ipv4_ipam_pool_id": null,
            "ipv4_netmask_length": null,
            "ipv6_association_id": "",
            "ipv6_cidr_block": "",
            "ipv6_cidr_block_network_border_group": "",
            "ipv6_ipam_pool_id": "",
            "ipv6_netmask_length": 0,
            "main_route_table_id": "rtb-00a9a50ed1b1d2a51",
            "owner_id": "771239567939",
            "tags": {
              "Name": "dstreambolt-vpc"
            },
            "tags_all": {
              "Name": "dstreambolt-vpc"
            }
          },
          "sensitive_attributes": [],
          "identity_schema_version": 0,
          "private": "eyJzY2hlbWFfdmVyc2lvbiI6IjEifQ=="
        }
      ]
    }
  ],
  "check_results": null
}
